// !$*UTF8*$!
{
	archiveVersion = 1;
	classes = {
	};
	objectVersion = 48;
	objects = {

/* Begin PBXBuildFile section */
		0F24F3FD4FFB5997181804AD /* Pods_UtilTests.framework in Frameworks */ = {isa = PBXBuildFile; fileRef = 00D680F64D16E2713880B500 /* Pods_UtilTests.framework */; };
		1C4D8DFEBC5846AFA5AD94A6 /* Pods_UreedUITests.framework in Frameworks */ = {isa = PBXBuildFile; fileRef = 46042361809FF2A546AB2C12 /* Pods_UreedUITests.framework */; };
		CDABFA4B1C1A61B1089E0F99 /* Pods_APIManagerTests.framework in Frameworks */ = {isa = PBXBuildFile; fileRef = 9A6A9364AFD0FF3BB0718587 /* Pods_APIManagerTests.framework */; };
		D4659DF32078E60300CB6C21 /* APIManager.framework in Frameworks */ = {isa = PBXBuildFile; fileRef = D4659DEA2078E60300CB6C21 /* APIManager.framework */; };
		D4659DFA2078E60300CB6C21 /* APIManagerTests.swift in Sources */ = {isa = PBXBuildFile; fileRef = D4659DF92078E60300CB6C21 /* APIManagerTests.swift */; };
		D4659DFC2078E60400CB6C21 /* APIManager.h in Headers */ = {isa = PBXBuildFile; fileRef = D4659DEC2078E60300CB6C21 /* APIManager.h */; settings = {ATTRIBUTES = (Public, ); }; };
		D4659DFF2078E60400CB6C21 /* APIManager.framework in Frameworks */ = {isa = PBXBuildFile; fileRef = D4659DEA2078E60300CB6C21 /* APIManager.framework */; };
		D4659E002078E60400CB6C21 /* APIManager.framework in Embed Frameworks */ = {isa = PBXBuildFile; fileRef = D4659DEA2078E60300CB6C21 /* APIManager.framework */; settings = {ATTRIBUTES = (CodeSignOnCopy, RemoveHeadersOnCopy, ); }; };
		D4659E162078E64200CB6C21 /* Util.framework in Frameworks */ = {isa = PBXBuildFile; fileRef = D4659E0D2078E64200CB6C21 /* Util.framework */; };
		D4659E1D2078E64200CB6C21 /* UtilTests.swift in Sources */ = {isa = PBXBuildFile; fileRef = D4659E1C2078E64200CB6C21 /* UtilTests.swift */; };
		D4659E1F2078E64200CB6C21 /* Util.h in Headers */ = {isa = PBXBuildFile; fileRef = D4659E0F2078E64200CB6C21 /* Util.h */; settings = {ATTRIBUTES = (Public, ); }; };
		D4659E222078E64200CB6C21 /* Util.framework in Frameworks */ = {isa = PBXBuildFile; fileRef = D4659E0D2078E64200CB6C21 /* Util.framework */; };
		D4659E232078E64200CB6C21 /* Util.framework in Embed Frameworks */ = {isa = PBXBuildFile; fileRef = D4659E0D2078E64200CB6C21 /* Util.framework */; settings = {ATTRIBUTES = (CodeSignOnCopy, RemoveHeadersOnCopy, ); }; };
		D4659E3B2078E71900CB6C21 /* APIManager.swift in Sources */ = {isa = PBXBuildFile; fileRef = D4659E312078E71800CB6C21 /* APIManager.swift */; };
		D4659E3C2078E71900CB6C21 /* APIError.swift in Sources */ = {isa = PBXBuildFile; fileRef = D4659E332078E71800CB6C21 /* APIError.swift */; };
		D4659E3D2078E71900CB6C21 /* DownloadManager.swift in Sources */ = {isa = PBXBuildFile; fileRef = D4659E342078E71900CB6C21 /* DownloadManager.swift */; };
		D4659E3E2078E71900CB6C21 /* UploadManager.swift in Sources */ = {isa = PBXBuildFile; fileRef = D4659E352078E71900CB6C21 /* UploadManager.swift */; };
		D4659E3F2078E71900CB6C21 /* Configrations.swift in Sources */ = {isa = PBXBuildFile; fileRef = D4659E372078E71900CB6C21 /* Configrations.swift */; };
		D4659E402078E71900CB6C21 /* RequestBase.swift in Sources */ = {isa = PBXBuildFile; fileRef = D4659E392078E71900CB6C21 /* RequestBase.swift */; };
		D4659E412078E71900CB6C21 /* ResponseBase.swift in Sources */ = {isa = PBXBuildFile; fileRef = D4659E3A2078E71900CB6C21 /* ResponseBase.swift */; };
		D4AD384DA3CE319D80ED4F92 /* Pods_APIManager.framework in Frameworks */ = {isa = PBXBuildFile; fileRef = 01A26F192D87C5F146382CFE /* Pods_APIManager.framework */; };
		D4B8937B2078DD0600199682 /* AppDelegate.swift in Sources */ = {isa = PBXBuildFile; fileRef = D4B8937A2078DD0600199682 /* AppDelegate.swift */; };
		D4B893802078DD0600199682 /* Main.storyboard in Resources */ = {isa = PBXBuildFile; fileRef = D4B8937E2078DD0600199682 /* Main.storyboard */; };
		D4B893822078DD0600199682 /* Assets.xcassets in Resources */ = {isa = PBXBuildFile; fileRef = D4B893812078DD0600199682 /* Assets.xcassets */; };
		D4B893852078DD0600199682 /* LaunchScreen.storyboard in Resources */ = {isa = PBXBuildFile; fileRef = D4B893832078DD0600199682 /* LaunchScreen.storyboard */; };
		D4B893902078DD0700199682 /* UreedTests.swift in Sources */ = {isa = PBXBuildFile; fileRef = D4B8938F2078DD0700199682 /* UreedTests.swift */; };
		D4B8939B2078DD0700199682 /* UreedUITests.swift in Sources */ = {isa = PBXBuildFile; fileRef = D4B8939A2078DD0700199682 /* UreedUITests.swift */; };
		D4D943EE2078EE2F0037BFF8 /* UISearchBarExtensions.swift in Sources */ = {isa = PBXBuildFile; fileRef = D4D943DC2078EE2E0037BFF8 /* UISearchBarExtensions.swift */; };
		D4D943EF2078EE2F0037BFF8 /* UIButtonExtension.swift in Sources */ = {isa = PBXBuildFile; fileRef = D4D943DD2078EE2E0037BFF8 /* UIButtonExtension.swift */; };
		D4D943F02078EE2F0037BFF8 /* NSErrorExtensions.swift in Sources */ = {isa = PBXBuildFile; fileRef = D4D943DE2078EE2E0037BFF8 /* NSErrorExtensions.swift */; };
		D4D943F12078EE2F0037BFF8 /* ArrayExtensions.swift in Sources */ = {isa = PBXBuildFile; fileRef = D4D943DF2078EE2F0037BFF8 /* ArrayExtensions.swift */; };
		D4D943F22078EE2F0037BFF8 /* UITextFieldExtensions.swift in Sources */ = {isa = PBXBuildFile; fileRef = D4D943E02078EE2F0037BFF8 /* UITextFieldExtensions.swift */; };
		D4D943F32078EE2F0037BFF8 /* UIToolbarExtensions.swift in Sources */ = {isa = PBXBuildFile; fileRef = D4D943E12078EE2F0037BFF8 /* UIToolbarExtensions.swift */; };
		D4D943F42078EE2F0037BFF8 /* DictionaryExtensions.swift in Sources */ = {isa = PBXBuildFile; fileRef = D4D943E22078EE2F0037BFF8 /* DictionaryExtensions.swift */; };
		D4D943F52078EE2F0037BFF8 /* StringExtensions.swift in Sources */ = {isa = PBXBuildFile; fileRef = D4D943E32078EE2F0037BFF8 /* StringExtensions.swift */; };
		D4D943F62078EE2F0037BFF8 /* UIStoryboardExtensions.swift in Sources */ = {isa = PBXBuildFile; fileRef = D4D943E42078EE2F0037BFF8 /* UIStoryboardExtensions.swift */; };
		D4D943F72078EE2F0037BFF8 /* UIView+AutoLayoutHelper.swift in Sources */ = {isa = PBXBuildFile; fileRef = D4D943E52078EE2F0037BFF8 /* UIView+AutoLayoutHelper.swift */; };
		D4D943F82078EE2F0037BFF8 /* UIViewControllerExtensions.swift in Sources */ = {isa = PBXBuildFile; fileRef = D4D943E62078EE2F0037BFF8 /* UIViewControllerExtensions.swift */; };
		D4D943F92078EE2F0037BFF8 /* UIImageExtensions.swift in Sources */ = {isa = PBXBuildFile; fileRef = D4D943E72078EE2F0037BFF8 /* UIImageExtensions.swift */; };
		D4D943FA2078EE2F0037BFF8 /* UIViewExtensions.swift in Sources */ = {isa = PBXBuildFile; fileRef = D4D943E82078EE2F0037BFF8 /* UIViewExtensions.swift */; };
		D4D943FB2078EE2F0037BFF8 /* LayerExtensions.swift in Sources */ = {isa = PBXBuildFile; fileRef = D4D943E92078EE2F0037BFF8 /* LayerExtensions.swift */; };
		D4D943FC2078EE2F0037BFF8 /* DateExtensions.swift in Sources */ = {isa = PBXBuildFile; fileRef = D4D943EA2078EE2F0037BFF8 /* DateExtensions.swift */; };
		D4D943FD2078EE2F0037BFF8 /* UIApplicationExtensions.swift in Sources */ = {isa = PBXBuildFile; fileRef = D4D943EB2078EE2F0037BFF8 /* UIApplicationExtensions.swift */; };
		D4D943FE2078EE2F0037BFF8 /* NSAttributedStringExtensions.swift in Sources */ = {isa = PBXBuildFile; fileRef = D4D943EC2078EE2F0037BFF8 /* NSAttributedStringExtensions.swift */; };
		D4D943FF2078EE2F0037BFF8 /* UIAlertControllerExtensions.swift in Sources */ = {isa = PBXBuildFile; fileRef = D4D943ED2078EE2F0037BFF8 /* UIAlertControllerExtensions.swift */; };
		D4D944022078EE3E0037BFF8 /* Configrations.swift in Sources */ = {isa = PBXBuildFile; fileRef = D4D944012078EE3E0037BFF8 /* Configrations.swift */; };
		D4D944042078EE440037BFF8 /* Util.swift in Sources */ = {isa = PBXBuildFile; fileRef = D4D944032078EE440037BFF8 /* Util.swift */; };
		E407561FA14D82E988D46C91 /* Pods_Util.framework in Frameworks */ = {isa = PBXBuildFile; fileRef = 395BF332BD6A16DC19351D9C /* Pods_Util.framework */; };
		F5237A20E9426713422528E5 /* Pods_Ureed.framework in Frameworks */ = {isa = PBXBuildFile; fileRef = F3CBE2886B6A5BFB479EE8B9 /* Pods_Ureed.framework */; };
		FAE9A4932EFC8F52BFAEC63C /* Pods_UreedTests.framework in Frameworks */ = {isa = PBXBuildFile; fileRef = 7F039DE8C940DDD1AF677032 /* Pods_UreedTests.framework */; };
/* End PBXBuildFile section */

/* Begin PBXContainerItemProxy section */
		D4659DF42078E60300CB6C21 /* PBXContainerItemProxy */ = {
			isa = PBXContainerItemProxy;
			containerPortal = D4B8936F2078DD0600199682 /* Project object */;
			proxyType = 1;
			remoteGlobalIDString = D4659DE92078E60300CB6C21;
			remoteInfo = APIManager;
		};
		D4659DF62078E60300CB6C21 /* PBXContainerItemProxy */ = {
			isa = PBXContainerItemProxy;
			containerPortal = D4B8936F2078DD0600199682 /* Project object */;
			proxyType = 1;
			remoteGlobalIDString = D4B893762078DD0600199682;
			remoteInfo = Ureed;
		};
		D4659DFD2078E60400CB6C21 /* PBXContainerItemProxy */ = {
			isa = PBXContainerItemProxy;
			containerPortal = D4B8936F2078DD0600199682 /* Project object */;
			proxyType = 1;
			remoteGlobalIDString = D4659DE92078E60300CB6C21;
			remoteInfo = APIManager;
		};
		D4659E172078E64200CB6C21 /* PBXContainerItemProxy */ = {
			isa = PBXContainerItemProxy;
			containerPortal = D4B8936F2078DD0600199682 /* Project object */;
			proxyType = 1;
			remoteGlobalIDString = D4659E0C2078E64200CB6C21;
			remoteInfo = Util;
		};
		D4659E192078E64200CB6C21 /* PBXContainerItemProxy */ = {
			isa = PBXContainerItemProxy;
			containerPortal = D4B8936F2078DD0600199682 /* Project object */;
			proxyType = 1;
			remoteGlobalIDString = D4B893762078DD0600199682;
			remoteInfo = Ureed;
		};
		D4659E202078E64200CB6C21 /* PBXContainerItemProxy */ = {
			isa = PBXContainerItemProxy;
			containerPortal = D4B8936F2078DD0600199682 /* Project object */;
			proxyType = 1;
			remoteGlobalIDString = D4659E0C2078E64200CB6C21;
			remoteInfo = Util;
		};
		D4B8938C2078DD0700199682 /* PBXContainerItemProxy */ = {
			isa = PBXContainerItemProxy;
			containerPortal = D4B8936F2078DD0600199682 /* Project object */;
			proxyType = 1;
			remoteGlobalIDString = D4B893762078DD0600199682;
			remoteInfo = Ureed;
		};
		D4B893972078DD0700199682 /* PBXContainerItemProxy */ = {
			isa = PBXContainerItemProxy;
			containerPortal = D4B8936F2078DD0600199682 /* Project object */;
			proxyType = 1;
			remoteGlobalIDString = D4B893762078DD0600199682;
			remoteInfo = Ureed;
		};
/* End PBXContainerItemProxy section */

/* Begin PBXCopyFilesBuildPhase section */
		D4659E062078E60400CB6C21 /* Embed Frameworks */ = {
			isa = PBXCopyFilesBuildPhase;
			buildActionMask = 2147483647;
			dstPath = "";
			dstSubfolderSpec = 10;
			files = (
				D4659E232078E64200CB6C21 /* Util.framework in Embed Frameworks */,
				D4659E002078E60400CB6C21 /* APIManager.framework in Embed Frameworks */,
			);
			name = "Embed Frameworks";
			runOnlyForDeploymentPostprocessing = 0;
		};
/* End PBXCopyFilesBuildPhase section */

/* Begin PBXFileReference section */
		00D680F64D16E2713880B500 /* Pods_UtilTests.framework */ = {isa = PBXFileReference; explicitFileType = wrapper.framework; includeInIndex = 0; path = Pods_UtilTests.framework; sourceTree = BUILT_PRODUCTS_DIR; };
		01A26F192D87C5F146382CFE /* Pods_APIManager.framework */ = {isa = PBXFileReference; explicitFileType = wrapper.framework; includeInIndex = 0; path = Pods_APIManager.framework; sourceTree = BUILT_PRODUCTS_DIR; };
		15CCBB3E5CB69D57CF750487 /* Pods-UreedUITests.debug.xcconfig */ = {isa = PBXFileReference; includeInIndex = 1; lastKnownFileType = text.xcconfig; name = "Pods-UreedUITests.debug.xcconfig"; path = "Pods/Target Support Files/Pods-UreedUITests/Pods-UreedUITests.debug.xcconfig"; sourceTree = "<group>"; };
		19B6E02D5FC928857F7E84AF /* Pods-UtilTests.release.xcconfig */ = {isa = PBXFileReference; includeInIndex = 1; lastKnownFileType = text.xcconfig; name = "Pods-UtilTests.release.xcconfig"; path = "Pods/Target Support Files/Pods-UtilTests/Pods-UtilTests.release.xcconfig"; sourceTree = "<group>"; };
		3041BE73B88E0B13951CFF2F /* Pods-Util.release.xcconfig */ = {isa = PBXFileReference; includeInIndex = 1; lastKnownFileType = text.xcconfig; name = "Pods-Util.release.xcconfig"; path = "Pods/Target Support Files/Pods-Util/Pods-Util.release.xcconfig"; sourceTree = "<group>"; };
		32DCD4FCE368EFBB39152CAD /* Pods-Ureed.debug.xcconfig */ = {isa = PBXFileReference; includeInIndex = 1; lastKnownFileType = text.xcconfig; name = "Pods-Ureed.debug.xcconfig"; path = "Pods/Target Support Files/Pods-Ureed/Pods-Ureed.debug.xcconfig"; sourceTree = "<group>"; };
		395BF332BD6A16DC19351D9C /* Pods_Util.framework */ = {isa = PBXFileReference; explicitFileType = wrapper.framework; includeInIndex = 0; path = Pods_Util.framework; sourceTree = BUILT_PRODUCTS_DIR; };
		410DFDC28B3E56BB8B16D7CC /* Pods-Util.debug.xcconfig */ = {isa = PBXFileReference; includeInIndex = 1; lastKnownFileType = text.xcconfig; name = "Pods-Util.debug.xcconfig"; path = "Pods/Target Support Files/Pods-Util/Pods-Util.debug.xcconfig"; sourceTree = "<group>"; };
		46042361809FF2A546AB2C12 /* Pods_UreedUITests.framework */ = {isa = PBXFileReference; explicitFileType = wrapper.framework; includeInIndex = 0; path = Pods_UreedUITests.framework; sourceTree = BUILT_PRODUCTS_DIR; };
		52930C2F41A86FDD0AC75EC4 /* Pods-APIManager.release.xcconfig */ = {isa = PBXFileReference; includeInIndex = 1; lastKnownFileType = text.xcconfig; name = "Pods-APIManager.release.xcconfig"; path = "Pods/Target Support Files/Pods-APIManager/Pods-APIManager.release.xcconfig"; sourceTree = "<group>"; };
		62371023CED72FF03EA52475 /* Pods-UtilTests.debug.xcconfig */ = {isa = PBXFileReference; includeInIndex = 1; lastKnownFileType = text.xcconfig; name = "Pods-UtilTests.debug.xcconfig"; path = "Pods/Target Support Files/Pods-UtilTests/Pods-UtilTests.debug.xcconfig"; sourceTree = "<group>"; };
		68B5D08A9A096E7EEB88979A /* Pods-Ureed.release.xcconfig */ = {isa = PBXFileReference; includeInIndex = 1; lastKnownFileType = text.xcconfig; name = "Pods-Ureed.release.xcconfig"; path = "Pods/Target Support Files/Pods-Ureed/Pods-Ureed.release.xcconfig"; sourceTree = "<group>"; };
		714C68D10AD86F69771D15F6 /* Pods-APIManager.debug.xcconfig */ = {isa = PBXFileReference; includeInIndex = 1; lastKnownFileType = text.xcconfig; name = "Pods-APIManager.debug.xcconfig"; path = "Pods/Target Support Files/Pods-APIManager/Pods-APIManager.debug.xcconfig"; sourceTree = "<group>"; };
		7F039DE8C940DDD1AF677032 /* Pods_UreedTests.framework */ = {isa = PBXFileReference; explicitFileType = wrapper.framework; includeInIndex = 0; path = Pods_UreedTests.framework; sourceTree = BUILT_PRODUCTS_DIR; };
		9383D5BFE27558F2B4579BAE /* Pods-UreedTests.release.xcconfig */ = {isa = PBXFileReference; includeInIndex = 1; lastKnownFileType = text.xcconfig; name = "Pods-UreedTests.release.xcconfig"; path = "Pods/Target Support Files/Pods-UreedTests/Pods-UreedTests.release.xcconfig"; sourceTree = "<group>"; };
		9A6A9364AFD0FF3BB0718587 /* Pods_APIManagerTests.framework */ = {isa = PBXFileReference; explicitFileType = wrapper.framework; includeInIndex = 0; path = Pods_APIManagerTests.framework; sourceTree = BUILT_PRODUCTS_DIR; };
		9BD62DF4388C5734971B4693 /* Pods-APIManagerTests.release.xcconfig */ = {isa = PBXFileReference; includeInIndex = 1; lastKnownFileType = text.xcconfig; name = "Pods-APIManagerTests.release.xcconfig"; path = "Pods/Target Support Files/Pods-APIManagerTests/Pods-APIManagerTests.release.xcconfig"; sourceTree = "<group>"; };
		D4659DEA2078E60300CB6C21 /* APIManager.framework */ = {isa = PBXFileReference; explicitFileType = wrapper.framework; includeInIndex = 0; path = APIManager.framework; sourceTree = BUILT_PRODUCTS_DIR; };
		D4659DEC2078E60300CB6C21 /* APIManager.h */ = {isa = PBXFileReference; lastKnownFileType = sourcecode.c.h; path = APIManager.h; sourceTree = "<group>"; };
		D4659DED2078E60300CB6C21 /* Info.plist */ = {isa = PBXFileReference; lastKnownFileType = text.plist.xml; path = Info.plist; sourceTree = "<group>"; };
		D4659DF22078E60300CB6C21 /* APIManagerTests.xctest */ = {isa = PBXFileReference; explicitFileType = wrapper.cfbundle; includeInIndex = 0; path = APIManagerTests.xctest; sourceTree = BUILT_PRODUCTS_DIR; };
		D4659DF92078E60300CB6C21 /* APIManagerTests.swift */ = {isa = PBXFileReference; lastKnownFileType = sourcecode.swift; path = APIManagerTests.swift; sourceTree = "<group>"; };
		D4659DFB2078E60400CB6C21 /* Info.plist */ = {isa = PBXFileReference; lastKnownFileType = text.plist.xml; path = Info.plist; sourceTree = "<group>"; };
		D4659E0D2078E64200CB6C21 /* Util.framework */ = {isa = PBXFileReference; explicitFileType = wrapper.framework; includeInIndex = 0; path = Util.framework; sourceTree = BUILT_PRODUCTS_DIR; };
		D4659E0F2078E64200CB6C21 /* Util.h */ = {isa = PBXFileReference; lastKnownFileType = sourcecode.c.h; path = Util.h; sourceTree = "<group>"; };
		D4659E102078E64200CB6C21 /* Info.plist */ = {isa = PBXFileReference; lastKnownFileType = text.plist.xml; path = Info.plist; sourceTree = "<group>"; };
		D4659E152078E64200CB6C21 /* UtilTests.xctest */ = {isa = PBXFileReference; explicitFileType = wrapper.cfbundle; includeInIndex = 0; path = UtilTests.xctest; sourceTree = BUILT_PRODUCTS_DIR; };
		D4659E1C2078E64200CB6C21 /* UtilTests.swift */ = {isa = PBXFileReference; lastKnownFileType = sourcecode.swift; path = UtilTests.swift; sourceTree = "<group>"; };
		D4659E1E2078E64200CB6C21 /* Info.plist */ = {isa = PBXFileReference; lastKnownFileType = text.plist.xml; path = Info.plist; sourceTree = "<group>"; };
		D4659E312078E71800CB6C21 /* APIManager.swift */ = {isa = PBXFileReference; fileEncoding = 4; lastKnownFileType = sourcecode.swift; path = APIManager.swift; sourceTree = "<group>"; };
		D4659E332078E71800CB6C21 /* APIError.swift */ = {isa = PBXFileReference; fileEncoding = 4; lastKnownFileType = sourcecode.swift; path = APIError.swift; sourceTree = "<group>"; };
		D4659E342078E71900CB6C21 /* DownloadManager.swift */ = {isa = PBXFileReference; fileEncoding = 4; lastKnownFileType = sourcecode.swift; path = DownloadManager.swift; sourceTree = "<group>"; };
		D4659E352078E71900CB6C21 /* UploadManager.swift */ = {isa = PBXFileReference; fileEncoding = 4; lastKnownFileType = sourcecode.swift; path = UploadManager.swift; sourceTree = "<group>"; };
		D4659E372078E71900CB6C21 /* Configrations.swift */ = {isa = PBXFileReference; fileEncoding = 4; lastKnownFileType = sourcecode.swift; path = Configrations.swift; sourceTree = "<group>"; };
		D4659E392078E71900CB6C21 /* RequestBase.swift */ = {isa = PBXFileReference; fileEncoding = 4; lastKnownFileType = sourcecode.swift; path = RequestBase.swift; sourceTree = "<group>"; };
		D4659E3A2078E71900CB6C21 /* ResponseBase.swift */ = {isa = PBXFileReference; fileEncoding = 4; lastKnownFileType = sourcecode.swift; path = ResponseBase.swift; sourceTree = "<group>"; };
		D4B893772078DD0600199682 /* Ureed.app */ = {isa = PBXFileReference; explicitFileType = wrapper.application; includeInIndex = 0; path = Ureed.app; sourceTree = BUILT_PRODUCTS_DIR; };
		D4B8937A2078DD0600199682 /* AppDelegate.swift */ = {isa = PBXFileReference; lastKnownFileType = sourcecode.swift; path = AppDelegate.swift; sourceTree = "<group>"; };
		D4B8937F2078DD0600199682 /* Base */ = {isa = PBXFileReference; lastKnownFileType = file.storyboard; name = Base; path = Base.lproj/Main.storyboard; sourceTree = "<group>"; };
		D4B893812078DD0600199682 /* Assets.xcassets */ = {isa = PBXFileReference; lastKnownFileType = folder.assetcatalog; path = Assets.xcassets; sourceTree = "<group>"; };
		D4B893842078DD0600199682 /* Base */ = {isa = PBXFileReference; lastKnownFileType = file.storyboard; name = Base; path = Base.lproj/LaunchScreen.storyboard; sourceTree = "<group>"; };
		D4B893862078DD0600199682 /* Info.plist */ = {isa = PBXFileReference; lastKnownFileType = text.plist.xml; path = Info.plist; sourceTree = "<group>"; };
		D4B8938B2078DD0700199682 /* UreedTests.xctest */ = {isa = PBXFileReference; explicitFileType = wrapper.cfbundle; includeInIndex = 0; path = UreedTests.xctest; sourceTree = BUILT_PRODUCTS_DIR; };
		D4B8938F2078DD0700199682 /* UreedTests.swift */ = {isa = PBXFileReference; lastKnownFileType = sourcecode.swift; path = UreedTests.swift; sourceTree = "<group>"; };
		D4B893912078DD0700199682 /* Info.plist */ = {isa = PBXFileReference; lastKnownFileType = text.plist.xml; path = Info.plist; sourceTree = "<group>"; };
		D4B893962078DD0700199682 /* UreedUITests.xctest */ = {isa = PBXFileReference; explicitFileType = wrapper.cfbundle; includeInIndex = 0; path = UreedUITests.xctest; sourceTree = BUILT_PRODUCTS_DIR; };
		D4B8939A2078DD0700199682 /* UreedUITests.swift */ = {isa = PBXFileReference; lastKnownFileType = sourcecode.swift; path = UreedUITests.swift; sourceTree = "<group>"; };
		D4B8939C2078DD0700199682 /* Info.plist */ = {isa = PBXFileReference; lastKnownFileType = text.plist.xml; path = Info.plist; sourceTree = "<group>"; };
		D4D943DC2078EE2E0037BFF8 /* UISearchBarExtensions.swift */ = {isa = PBXFileReference; fileEncoding = 4; lastKnownFileType = sourcecode.swift; path = UISearchBarExtensions.swift; sourceTree = "<group>"; };
		D4D943DD2078EE2E0037BFF8 /* UIButtonExtension.swift */ = {isa = PBXFileReference; fileEncoding = 4; lastKnownFileType = sourcecode.swift; path = UIButtonExtension.swift; sourceTree = "<group>"; };
		D4D943DE2078EE2E0037BFF8 /* NSErrorExtensions.swift */ = {isa = PBXFileReference; fileEncoding = 4; lastKnownFileType = sourcecode.swift; path = NSErrorExtensions.swift; sourceTree = "<group>"; };
		D4D943DF2078EE2F0037BFF8 /* ArrayExtensions.swift */ = {isa = PBXFileReference; fileEncoding = 4; lastKnownFileType = sourcecode.swift; path = ArrayExtensions.swift; sourceTree = "<group>"; };
		D4D943E02078EE2F0037BFF8 /* UITextFieldExtensions.swift */ = {isa = PBXFileReference; fileEncoding = 4; lastKnownFileType = sourcecode.swift; path = UITextFieldExtensions.swift; sourceTree = "<group>"; };
		D4D943E12078EE2F0037BFF8 /* UIToolbarExtensions.swift */ = {isa = PBXFileReference; fileEncoding = 4; lastKnownFileType = sourcecode.swift; path = UIToolbarExtensions.swift; sourceTree = "<group>"; };
		D4D943E22078EE2F0037BFF8 /* DictionaryExtensions.swift */ = {isa = PBXFileReference; fileEncoding = 4; lastKnownFileType = sourcecode.swift; path = DictionaryExtensions.swift; sourceTree = "<group>"; };
		D4D943E32078EE2F0037BFF8 /* StringExtensions.swift */ = {isa = PBXFileReference; fileEncoding = 4; lastKnownFileType = sourcecode.swift; path = StringExtensions.swift; sourceTree = "<group>"; };
		D4D943E42078EE2F0037BFF8 /* UIStoryboardExtensions.swift */ = {isa = PBXFileReference; fileEncoding = 4; lastKnownFileType = sourcecode.swift; path = UIStoryboardExtensions.swift; sourceTree = "<group>"; };
		D4D943E52078EE2F0037BFF8 /* UIView+AutoLayoutHelper.swift */ = {isa = PBXFileReference; fileEncoding = 4; lastKnownFileType = sourcecode.swift; path = "UIView+AutoLayoutHelper.swift"; sourceTree = "<group>"; };
		D4D943E62078EE2F0037BFF8 /* UIViewControllerExtensions.swift */ = {isa = PBXFileReference; fileEncoding = 4; lastKnownFileType = sourcecode.swift; path = UIViewControllerExtensions.swift; sourceTree = "<group>"; };
		D4D943E72078EE2F0037BFF8 /* UIImageExtensions.swift */ = {isa = PBXFileReference; fileEncoding = 4; lastKnownFileType = sourcecode.swift; path = UIImageExtensions.swift; sourceTree = "<group>"; };
		D4D943E82078EE2F0037BFF8 /* UIViewExtensions.swift */ = {isa = PBXFileReference; fileEncoding = 4; lastKnownFileType = sourcecode.swift; path = UIViewExtensions.swift; sourceTree = "<group>"; };
		D4D943E92078EE2F0037BFF8 /* LayerExtensions.swift */ = {isa = PBXFileReference; fileEncoding = 4; lastKnownFileType = sourcecode.swift; path = LayerExtensions.swift; sourceTree = "<group>"; };
		D4D943EA2078EE2F0037BFF8 /* DateExtensions.swift */ = {isa = PBXFileReference; fileEncoding = 4; lastKnownFileType = sourcecode.swift; path = DateExtensions.swift; sourceTree = "<group>"; };
		D4D943EB2078EE2F0037BFF8 /* UIApplicationExtensions.swift */ = {isa = PBXFileReference; fileEncoding = 4; lastKnownFileType = sourcecode.swift; path = UIApplicationExtensions.swift; sourceTree = "<group>"; };
		D4D943EC2078EE2F0037BFF8 /* NSAttributedStringExtensions.swift */ = {isa = PBXFileReference; fileEncoding = 4; lastKnownFileType = sourcecode.swift; path = NSAttributedStringExtensions.swift; sourceTree = "<group>"; };
		D4D943ED2078EE2F0037BFF8 /* UIAlertControllerExtensions.swift */ = {isa = PBXFileReference; fileEncoding = 4; lastKnownFileType = sourcecode.swift; path = UIAlertControllerExtensions.swift; sourceTree = "<group>"; };
		D4D944012078EE3E0037BFF8 /* Configrations.swift */ = {isa = PBXFileReference; fileEncoding = 4; lastKnownFileType = sourcecode.swift; path = Configrations.swift; sourceTree = "<group>"; };
		D4D944032078EE440037BFF8 /* Util.swift */ = {isa = PBXFileReference; fileEncoding = 4; lastKnownFileType = sourcecode.swift; path = Util.swift; sourceTree = "<group>"; };
		DB8D632EB7EDCB5EB1DC0362 /* Pods-APIManagerTests.debug.xcconfig */ = {isa = PBXFileReference; includeInIndex = 1; lastKnownFileType = text.xcconfig; name = "Pods-APIManagerTests.debug.xcconfig"; path = "Pods/Target Support Files/Pods-APIManagerTests/Pods-APIManagerTests.debug.xcconfig"; sourceTree = "<group>"; };
		E9B965F7DC5439699664EC75 /* Pods-UreedUITests.release.xcconfig */ = {isa = PBXFileReference; includeInIndex = 1; lastKnownFileType = text.xcconfig; name = "Pods-UreedUITests.release.xcconfig"; path = "Pods/Target Support Files/Pods-UreedUITests/Pods-UreedUITests.release.xcconfig"; sourceTree = "<group>"; };
		EDAD0A96A1F3CAF4C1620E9B /* Pods-UreedTests.debug.xcconfig */ = {isa = PBXFileReference; includeInIndex = 1; lastKnownFileType = text.xcconfig; name = "Pods-UreedTests.debug.xcconfig"; path = "Pods/Target Support Files/Pods-UreedTests/Pods-UreedTests.debug.xcconfig"; sourceTree = "<group>"; };
		F3CBE2886B6A5BFB479EE8B9 /* Pods_Ureed.framework */ = {isa = PBXFileReference; explicitFileType = wrapper.framework; includeInIndex = 0; path = Pods_Ureed.framework; sourceTree = BUILT_PRODUCTS_DIR; };
/* End PBXFileReference section */

/* Begin PBXFrameworksBuildPhase section */
		D4659DE62078E60300CB6C21 /* Frameworks */ = {
			isa = PBXFrameworksBuildPhase;
			buildActionMask = 2147483647;
			files = (
				D4AD384DA3CE319D80ED4F92 /* Pods_APIManager.framework in Frameworks */,
			);
			runOnlyForDeploymentPostprocessing = 0;
		};
		D4659DEF2078E60300CB6C21 /* Frameworks */ = {
			isa = PBXFrameworksBuildPhase;
			buildActionMask = 2147483647;
			files = (
				D4659DF32078E60300CB6C21 /* APIManager.framework in Frameworks */,
				CDABFA4B1C1A61B1089E0F99 /* Pods_APIManagerTests.framework in Frameworks */,
			);
			runOnlyForDeploymentPostprocessing = 0;
		};
		D4659E092078E64200CB6C21 /* Frameworks */ = {
			isa = PBXFrameworksBuildPhase;
			buildActionMask = 2147483647;
			files = (
				E407561FA14D82E988D46C91 /* Pods_Util.framework in Frameworks */,
			);
			runOnlyForDeploymentPostprocessing = 0;
		};
		D4659E122078E64200CB6C21 /* Frameworks */ = {
			isa = PBXFrameworksBuildPhase;
			buildActionMask = 2147483647;
			files = (
				D4659E162078E64200CB6C21 /* Util.framework in Frameworks */,
				0F24F3FD4FFB5997181804AD /* Pods_UtilTests.framework in Frameworks */,
			);
			runOnlyForDeploymentPostprocessing = 0;
		};
		D4B893742078DD0600199682 /* Frameworks */ = {
			isa = PBXFrameworksBuildPhase;
			buildActionMask = 2147483647;
			files = (
				D4659E222078E64200CB6C21 /* Util.framework in Frameworks */,
				D4659DFF2078E60400CB6C21 /* APIManager.framework in Frameworks */,
				F5237A20E9426713422528E5 /* Pods_Ureed.framework in Frameworks */,
			);
			runOnlyForDeploymentPostprocessing = 0;
		};
		D4B893882078DD0700199682 /* Frameworks */ = {
			isa = PBXFrameworksBuildPhase;
			buildActionMask = 2147483647;
			files = (
				FAE9A4932EFC8F52BFAEC63C /* Pods_UreedTests.framework in Frameworks */,
			);
			runOnlyForDeploymentPostprocessing = 0;
		};
		D4B893932078DD0700199682 /* Frameworks */ = {
			isa = PBXFrameworksBuildPhase;
			buildActionMask = 2147483647;
			files = (
				1C4D8DFEBC5846AFA5AD94A6 /* Pods_UreedUITests.framework in Frameworks */,
			);
			runOnlyForDeploymentPostprocessing = 0;
		};
/* End PBXFrameworksBuildPhase section */

/* Begin PBXGroup section */
		34A31A8AA5AB763316D29171 /* Frameworks */ = {
			isa = PBXGroup;
			children = (
				01A26F192D87C5F146382CFE /* Pods_APIManager.framework */,
				9A6A9364AFD0FF3BB0718587 /* Pods_APIManagerTests.framework */,
				F3CBE2886B6A5BFB479EE8B9 /* Pods_Ureed.framework */,
				7F039DE8C940DDD1AF677032 /* Pods_UreedTests.framework */,
				46042361809FF2A546AB2C12 /* Pods_UreedUITests.framework */,
				395BF332BD6A16DC19351D9C /* Pods_Util.framework */,
				00D680F64D16E2713880B500 /* Pods_UtilTests.framework */,
			);
			name = Frameworks;
			sourceTree = "<group>";
		};
		D4659DEB2078E60300CB6C21 /* APIManager */ = {
			isa = PBXGroup;
			children = (
				D4659E312078E71800CB6C21 /* APIManager.swift */,
				D4659E382078E71900CB6C21 /* Base */,
				D4659E362078E71900CB6C21 /* Configrations */,
				D4659E342078E71900CB6C21 /* DownloadManager.swift */,
				D4659E322078E71800CB6C21 /* Error */,
				D4659E352078E71900CB6C21 /* UploadManager.swift */,
				D4659DEC2078E60300CB6C21 /* APIManager.h */,
				D4659DED2078E60300CB6C21 /* Info.plist */,
			);
			path = APIManager;
			sourceTree = "<group>";
		};
		D4659DF82078E60300CB6C21 /* APIManagerTests */ = {
			isa = PBXGroup;
			children = (
				D4659DF92078E60300CB6C21 /* APIManagerTests.swift */,
				D4659DFB2078E60400CB6C21 /* Info.plist */,
			);
			path = APIManagerTests;
			sourceTree = "<group>";
		};
		D4659E0E2078E64200CB6C21 /* Util */ = {
			isa = PBXGroup;
			children = (
				D4D944002078EE3E0037BFF8 /* UtilClasses */,
				D4D943DB2078EE2E0037BFF8 /* Extensions */,
				D4659E0F2078E64200CB6C21 /* Util.h */,
				D4659E102078E64200CB6C21 /* Info.plist */,
			);
			path = Util;
			sourceTree = "<group>";
		};
		D4659E1B2078E64200CB6C21 /* UtilTests */ = {
			isa = PBXGroup;
			children = (
				D4659E1C2078E64200CB6C21 /* UtilTests.swift */,
				D4659E1E2078E64200CB6C21 /* Info.plist */,
			);
			path = UtilTests;
			sourceTree = "<group>";
		};
		D4659E322078E71800CB6C21 /* Error */ = {
			isa = PBXGroup;
			children = (
				D4659E332078E71800CB6C21 /* APIError.swift */,
			);
			path = Error;
			sourceTree = "<group>";
		};
		D4659E362078E71900CB6C21 /* Configrations */ = {
			isa = PBXGroup;
			children = (
				D4659E372078E71900CB6C21 /* Configrations.swift */,
			);
			path = Configrations;
			sourceTree = "<group>";
		};
		D4659E382078E71900CB6C21 /* Base */ = {
			isa = PBXGroup;
			children = (
				D4659E392078E71900CB6C21 /* RequestBase.swift */,
				D4659E3A2078E71900CB6C21 /* ResponseBase.swift */,
			);
			path = Base;
			sourceTree = "<group>";
		};
		D4B8936E2078DD0600199682 = {
			isa = PBXGroup;
			children = (
				D4B893792078DD0600199682 /* Ureed */,
				D4B8938E2078DD0700199682 /* UreedTests */,
				D4B893992078DD0700199682 /* UreedUITests */,
				D4659DEB2078E60300CB6C21 /* APIManager */,
				D4659DF82078E60300CB6C21 /* APIManagerTests */,
				D4659E0E2078E64200CB6C21 /* Util */,
				D4659E1B2078E64200CB6C21 /* UtilTests */,
				D4B893782078DD0600199682 /* Products */,
				E576B12E5EB4DFBE758F63F1 /* Pods */,
				34A31A8AA5AB763316D29171 /* Frameworks */,
			);
			sourceTree = "<group>";
		};
		D4B893782078DD0600199682 /* Products */ = {
			isa = PBXGroup;
			children = (
				D4B893772078DD0600199682 /* Ureed.app */,
				D4B8938B2078DD0700199682 /* UreedTests.xctest */,
				D4B893962078DD0700199682 /* UreedUITests.xctest */,
				D4659DEA2078E60300CB6C21 /* APIManager.framework */,
				D4659DF22078E60300CB6C21 /* APIManagerTests.xctest */,
				D4659E0D2078E64200CB6C21 /* Util.framework */,
				D4659E152078E64200CB6C21 /* UtilTests.xctest */,
			);
			name = Products;
			sourceTree = "<group>";
		};
		D4B893792078DD0600199682 /* Ureed */ = {
			isa = PBXGroup;
			children = (
				D4B8937A2078DD0600199682 /* AppDelegate.swift */,
				D4B8937E2078DD0600199682 /* Main.storyboard */,
				D4B893812078DD0600199682 /* Assets.xcassets */,
				D4B893832078DD0600199682 /* LaunchScreen.storyboard */,
				D4B893862078DD0600199682 /* Info.plist */,
			);
			path = Ureed;
			sourceTree = "<group>";
		};
		D4B8938E2078DD0700199682 /* UreedTests */ = {
			isa = PBXGroup;
			children = (
				D4B8938F2078DD0700199682 /* UreedTests.swift */,
				D4B893912078DD0700199682 /* Info.plist */,
			);
			path = UreedTests;
			sourceTree = "<group>";
		};
		D4B893992078DD0700199682 /* UreedUITests */ = {
			isa = PBXGroup;
			children = (
				D4B8939A2078DD0700199682 /* UreedUITests.swift */,
				D4B8939C2078DD0700199682 /* Info.plist */,
			);
			path = UreedUITests;
			sourceTree = "<group>";
		};
		D4D943DB2078EE2E0037BFF8 /* Extensions */ = {
			isa = PBXGroup;
			children = (
				D4D943DC2078EE2E0037BFF8 /* UISearchBarExtensions.swift */,
				D4D943DD2078EE2E0037BFF8 /* UIButtonExtension.swift */,
				D4D943DE2078EE2E0037BFF8 /* NSErrorExtensions.swift */,
				D4D943DF2078EE2F0037BFF8 /* ArrayExtensions.swift */,
				D4D943E02078EE2F0037BFF8 /* UITextFieldExtensions.swift */,
				D4D943E12078EE2F0037BFF8 /* UIToolbarExtensions.swift */,
				D4D943E22078EE2F0037BFF8 /* DictionaryExtensions.swift */,
				D4D943E32078EE2F0037BFF8 /* StringExtensions.swift */,
				D4D943E42078EE2F0037BFF8 /* UIStoryboardExtensions.swift */,
				D4D943E52078EE2F0037BFF8 /* UIView+AutoLayoutHelper.swift */,
				D4D943E62078EE2F0037BFF8 /* UIViewControllerExtensions.swift */,
				D4D943E72078EE2F0037BFF8 /* UIImageExtensions.swift */,
				D4D943E82078EE2F0037BFF8 /* UIViewExtensions.swift */,
				D4D943E92078EE2F0037BFF8 /* LayerExtensions.swift */,
				D4D943EA2078EE2F0037BFF8 /* DateExtensions.swift */,
				D4D943EB2078EE2F0037BFF8 /* UIApplicationExtensions.swift */,
				D4D943EC2078EE2F0037BFF8 /* NSAttributedStringExtensions.swift */,
				D4D943ED2078EE2F0037BFF8 /* UIAlertControllerExtensions.swift */,
			);
			path = Extensions;
			sourceTree = "<group>";
		};
		D4D944002078EE3E0037BFF8 /* UtilClasses */ = {
			isa = PBXGroup;
			children = (
				D4D944032078EE440037BFF8 /* Util.swift */,
				D4D944012078EE3E0037BFF8 /* Configrations.swift */,
			);
			path = UtilClasses;
			sourceTree = "<group>";
		};
		E576B12E5EB4DFBE758F63F1 /* Pods */ = {
			isa = PBXGroup;
			children = (
				714C68D10AD86F69771D15F6 /* Pods-APIManager.debug.xcconfig */,
				52930C2F41A86FDD0AC75EC4 /* Pods-APIManager.release.xcconfig */,
				DB8D632EB7EDCB5EB1DC0362 /* Pods-APIManagerTests.debug.xcconfig */,
				9BD62DF4388C5734971B4693 /* Pods-APIManagerTests.release.xcconfig */,
				32DCD4FCE368EFBB39152CAD /* Pods-Ureed.debug.xcconfig */,
				68B5D08A9A096E7EEB88979A /* Pods-Ureed.release.xcconfig */,
				EDAD0A96A1F3CAF4C1620E9B /* Pods-UreedTests.debug.xcconfig */,
				9383D5BFE27558F2B4579BAE /* Pods-UreedTests.release.xcconfig */,
				15CCBB3E5CB69D57CF750487 /* Pods-UreedUITests.debug.xcconfig */,
				E9B965F7DC5439699664EC75 /* Pods-UreedUITests.release.xcconfig */,
				410DFDC28B3E56BB8B16D7CC /* Pods-Util.debug.xcconfig */,
				3041BE73B88E0B13951CFF2F /* Pods-Util.release.xcconfig */,
				62371023CED72FF03EA52475 /* Pods-UtilTests.debug.xcconfig */,
				19B6E02D5FC928857F7E84AF /* Pods-UtilTests.release.xcconfig */,
			);
			name = Pods;
			sourceTree = "<group>";
		};
/* End PBXGroup section */

/* Begin PBXHeadersBuildPhase section */
		D4659DE72078E60300CB6C21 /* Headers */ = {
			isa = PBXHeadersBuildPhase;
			buildActionMask = 2147483647;
			files = (
				D4659DFC2078E60400CB6C21 /* APIManager.h in Headers */,
			);
			runOnlyForDeploymentPostprocessing = 0;
		};
		D4659E0A2078E64200CB6C21 /* Headers */ = {
			isa = PBXHeadersBuildPhase;
			buildActionMask = 2147483647;
			files = (
				D4659E1F2078E64200CB6C21 /* Util.h in Headers */,
			);
			runOnlyForDeploymentPostprocessing = 0;
		};
/* End PBXHeadersBuildPhase section */

/* Begin PBXNativeTarget section */
		D4659DE92078E60300CB6C21 /* APIManager */ = {
			isa = PBXNativeTarget;
			buildConfigurationList = D4659E052078E60400CB6C21 /* Build configuration list for PBXNativeTarget "APIManager" */;
			buildPhases = (
				8D4AEBCB2D3EFAA08473B2F3 /* [CP] Check Pods Manifest.lock */,
				D4659DE52078E60300CB6C21 /* Sources */,
				D4659DE62078E60300CB6C21 /* Frameworks */,
				D4659DE72078E60300CB6C21 /* Headers */,
				D4659DE82078E60300CB6C21 /* Resources */,
				41164D030CE55168B618C201 /* [CP] Copy Pods Resources */,
			);
			buildRules = (
			);
			dependencies = (
			);
			name = APIManager;
			productName = APIManager;
			productReference = D4659DEA2078E60300CB6C21 /* APIManager.framework */;
			productType = "com.apple.product-type.framework";
		};
		D4659DF12078E60300CB6C21 /* APIManagerTests */ = {
			isa = PBXNativeTarget;
			buildConfigurationList = D4659E072078E60400CB6C21 /* Build configuration list for PBXNativeTarget "APIManagerTests" */;
			buildPhases = (
				DD31506B3801A3A203430B1F /* [CP] Check Pods Manifest.lock */,
				D4659DEE2078E60300CB6C21 /* Sources */,
				D4659DEF2078E60300CB6C21 /* Frameworks */,
				D4659DF02078E60300CB6C21 /* Resources */,
				ACFD57FEC34424E1B35C7F86 /* [CP] Embed Pods Frameworks */,
				7A75BD799159253BFBD51A8E /* [CP] Copy Pods Resources */,
			);
			buildRules = (
			);
			dependencies = (
				D4659DF52078E60300CB6C21 /* PBXTargetDependency */,
				D4659DF72078E60300CB6C21 /* PBXTargetDependency */,
			);
			name = APIManagerTests;
			productName = APIManagerTests;
			productReference = D4659DF22078E60300CB6C21 /* APIManagerTests.xctest */;
			productType = "com.apple.product-type.bundle.unit-test";
		};
		D4659E0C2078E64200CB6C21 /* Util */ = {
			isa = PBXNativeTarget;
			buildConfigurationList = D4659E242078E64200CB6C21 /* Build configuration list for PBXNativeTarget "Util" */;
			buildPhases = (
				1CAB1F2445981F775A0D3277 /* [CP] Check Pods Manifest.lock */,
				D4659E082078E64200CB6C21 /* Sources */,
				D4659E092078E64200CB6C21 /* Frameworks */,
				D4659E0A2078E64200CB6C21 /* Headers */,
				D4659E0B2078E64200CB6C21 /* Resources */,
				ECCEEFF22DE0969E0382B0CD /* [CP] Copy Pods Resources */,
			);
			buildRules = (
			);
			dependencies = (
			);
			name = Util;
			productName = Util;
			productReference = D4659E0D2078E64200CB6C21 /* Util.framework */;
			productType = "com.apple.product-type.framework";
		};
		D4659E142078E64200CB6C21 /* UtilTests */ = {
			isa = PBXNativeTarget;
			buildConfigurationList = D4659E272078E64200CB6C21 /* Build configuration list for PBXNativeTarget "UtilTests" */;
			buildPhases = (
				8D7BC8462F42162FA660127C /* [CP] Check Pods Manifest.lock */,
				D4659E112078E64200CB6C21 /* Sources */,
				D4659E122078E64200CB6C21 /* Frameworks */,
				D4659E132078E64200CB6C21 /* Resources */,
				0280829740278353E39DDEB9 /* [CP] Embed Pods Frameworks */,
				0E3794D240DAFEFBC68738E8 /* [CP] Copy Pods Resources */,
			);
			buildRules = (
			);
			dependencies = (
				D4659E182078E64200CB6C21 /* PBXTargetDependency */,
				D4659E1A2078E64200CB6C21 /* PBXTargetDependency */,
			);
			name = UtilTests;
			productName = UtilTests;
			productReference = D4659E152078E64200CB6C21 /* UtilTests.xctest */;
			productType = "com.apple.product-type.bundle.unit-test";
		};
		D4B893762078DD0600199682 /* Ureed */ = {
			isa = PBXNativeTarget;
			buildConfigurationList = D4B8939F2078DD0700199682 /* Build configuration list for PBXNativeTarget "Ureed" */;
			buildPhases = (
				7F71A89401A935BA06F08505 /* [CP] Check Pods Manifest.lock */,
				D4B893732078DD0600199682 /* Sources */,
				D4B893742078DD0600199682 /* Frameworks */,
				D4B893752078DD0600199682 /* Resources */,
				D4659E062078E60400CB6C21 /* Embed Frameworks */,
				4AF6FE99AF2079FFC4E568AD /* [CP] Embed Pods Frameworks */,
				B86AEBE3367DCA544A2057A9 /* [CP] Copy Pods Resources */,
			);
			buildRules = (
			);
			dependencies = (
				D4659DFE2078E60400CB6C21 /* PBXTargetDependency */,
				D4659E212078E64200CB6C21 /* PBXTargetDependency */,
			);
			name = Ureed;
			productName = Ureed;
			productReference = D4B893772078DD0600199682 /* Ureed.app */;
			productType = "com.apple.product-type.application";
		};
		D4B8938A2078DD0700199682 /* UreedTests */ = {
			isa = PBXNativeTarget;
			buildConfigurationList = D4B893A22078DD0700199682 /* Build configuration list for PBXNativeTarget "UreedTests" */;
			buildPhases = (
				892C6B1A9D10A679BE94D9C2 /* [CP] Check Pods Manifest.lock */,
				D4B893872078DD0700199682 /* Sources */,
				D4B893882078DD0700199682 /* Frameworks */,
				D4B893892078DD0700199682 /* Resources */,
				A88E78196605C41EC18CCB04 /* [CP] Embed Pods Frameworks */,
				8D2D89E5560F43D5B3429F06 /* [CP] Copy Pods Resources */,
			);
			buildRules = (
			);
			dependencies = (
				D4B8938D2078DD0700199682 /* PBXTargetDependency */,
			);
			name = UreedTests;
			productName = UreedTests;
			productReference = D4B8938B2078DD0700199682 /* UreedTests.xctest */;
			productType = "com.apple.product-type.bundle.unit-test";
		};
		D4B893952078DD0700199682 /* UreedUITests */ = {
			isa = PBXNativeTarget;
			buildConfigurationList = D4B893A52078DD0700199682 /* Build configuration list for PBXNativeTarget "UreedUITests" */;
			buildPhases = (
				49DE495AF7CA0EC03E1AB604 /* [CP] Check Pods Manifest.lock */,
				D4B893922078DD0700199682 /* Sources */,
				D4B893932078DD0700199682 /* Frameworks */,
				D4B893942078DD0700199682 /* Resources */,
				6E2DB7BBF75D660409FEAB90 /* [CP] Embed Pods Frameworks */,
				44178569A37784E2445F6C0F /* [CP] Copy Pods Resources */,
			);
			buildRules = (
			);
			dependencies = (
				D4B893982078DD0700199682 /* PBXTargetDependency */,
			);
			name = UreedUITests;
			productName = UreedUITests;
			productReference = D4B893962078DD0700199682 /* UreedUITests.xctest */;
			productType = "com.apple.product-type.bundle.ui-testing";
		};
/* End PBXNativeTarget section */

/* Begin PBXProject section */
		D4B8936F2078DD0600199682 /* Project object */ = {
			isa = PBXProject;
			attributes = {
				LastSwiftUpdateCheck = 0920;
				LastUpgradeCheck = 0920;
				ORGANIZATIONNAME = Ureed;
				TargetAttributes = {
					D4659DE92078E60300CB6C21 = {
						CreatedOnToolsVersion = 9.2;
						LastSwiftMigration = 0920;
						ProvisioningStyle = Automatic;
					};
					D4659DF12078E60300CB6C21 = {
						CreatedOnToolsVersion = 9.2;
						ProvisioningStyle = Automatic;
						TestTargetID = D4B893762078DD0600199682;
					};
					D4659E0C2078E64200CB6C21 = {
						CreatedOnToolsVersion = 9.2;
						ProvisioningStyle = Automatic;
					};
					D4659E142078E64200CB6C21 = {
						CreatedOnToolsVersion = 9.2;
						ProvisioningStyle = Automatic;
						TestTargetID = D4B893762078DD0600199682;
					};
					D4B893762078DD0600199682 = {
						CreatedOnToolsVersion = 9.2;
						ProvisioningStyle = Automatic;
					};
					D4B8938A2078DD0700199682 = {
						CreatedOnToolsVersion = 9.2;
						ProvisioningStyle = Automatic;
						TestTargetID = D4B893762078DD0600199682;
					};
					D4B893952078DD0700199682 = {
						CreatedOnToolsVersion = 9.2;
						ProvisioningStyle = Automatic;
						TestTargetID = D4B893762078DD0600199682;
					};
				};
			};
			buildConfigurationList = D4B893722078DD0600199682 /* Build configuration list for PBXProject "Ureed" */;
			compatibilityVersion = "Xcode 8.0";
			developmentRegion = en;
			hasScannedForEncodings = 0;
			knownRegions = (
				en,
				Base,
			);
			mainGroup = D4B8936E2078DD0600199682;
			productRefGroup = D4B893782078DD0600199682 /* Products */;
			projectDirPath = "";
			projectRoot = "";
			targets = (
				D4B893762078DD0600199682 /* Ureed */,
				D4B8938A2078DD0700199682 /* UreedTests */,
				D4B893952078DD0700199682 /* UreedUITests */,
				D4659DE92078E60300CB6C21 /* APIManager */,
				D4659DF12078E60300CB6C21 /* APIManagerTests */,
				D4659E0C2078E64200CB6C21 /* Util */,
				D4659E142078E64200CB6C21 /* UtilTests */,
			);
		};
/* End PBXProject section */

/* Begin PBXResourcesBuildPhase section */
		D4659DE82078E60300CB6C21 /* Resources */ = {
			isa = PBXResourcesBuildPhase;
			buildActionMask = 2147483647;
			files = (
			);
			runOnlyForDeploymentPostprocessing = 0;
		};
		D4659DF02078E60300CB6C21 /* Resources */ = {
			isa = PBXResourcesBuildPhase;
			buildActionMask = 2147483647;
			files = (
			);
			runOnlyForDeploymentPostprocessing = 0;
		};
		D4659E0B2078E64200CB6C21 /* Resources */ = {
			isa = PBXResourcesBuildPhase;
			buildActionMask = 2147483647;
			files = (
			);
			runOnlyForDeploymentPostprocessing = 0;
		};
		D4659E132078E64200CB6C21 /* Resources */ = {
			isa = PBXResourcesBuildPhase;
			buildActionMask = 2147483647;
			files = (
			);
			runOnlyForDeploymentPostprocessing = 0;
		};
		D4B893752078DD0600199682 /* Resources */ = {
			isa = PBXResourcesBuildPhase;
			buildActionMask = 2147483647;
			files = (
				D4B893852078DD0600199682 /* LaunchScreen.storyboard in Resources */,
				D4B893822078DD0600199682 /* Assets.xcassets in Resources */,
				D4B893802078DD0600199682 /* Main.storyboard in Resources */,
			);
			runOnlyForDeploymentPostprocessing = 0;
		};
		D4B893892078DD0700199682 /* Resources */ = {
			isa = PBXResourcesBuildPhase;
			buildActionMask = 2147483647;
			files = (
			);
			runOnlyForDeploymentPostprocessing = 0;
		};
		D4B893942078DD0700199682 /* Resources */ = {
			isa = PBXResourcesBuildPhase;
			buildActionMask = 2147483647;
			files = (
			);
			runOnlyForDeploymentPostprocessing = 0;
		};
/* End PBXResourcesBuildPhase section */

/* Begin PBXShellScriptBuildPhase section */
		0280829740278353E39DDEB9 /* [CP] Embed Pods Frameworks */ = {
			isa = PBXShellScriptBuildPhase;
			buildActionMask = 2147483647;
			files = (
			);
			inputPaths = (
				"${SRCROOT}/Pods/Target Support Files/Pods-UtilTests/Pods-UtilTests-frameworks.sh",
				"${BUILT_PRODUCTS_DIR}/EZSwiftExtensions/EZSwiftExtensions.framework",
				"${BUILT_PRODUCTS_DIR}/PhoneNumberKit/PhoneNumberKit.framework",
			);
			name = "[CP] Embed Pods Frameworks";
			outputPaths = (
				"${TARGET_BUILD_DIR}/${FRAMEWORKS_FOLDER_PATH}/EZSwiftExtensions.framework",
				"${TARGET_BUILD_DIR}/${FRAMEWORKS_FOLDER_PATH}/PhoneNumberKit.framework",
			);
			runOnlyForDeploymentPostprocessing = 0;
			shellPath = /bin/sh;
			shellScript = "\"${SRCROOT}/Pods/Target Support Files/Pods-UtilTests/Pods-UtilTests-frameworks.sh\"\n";
			showEnvVarsInLog = 0;
		};
		0E3794D240DAFEFBC68738E8 /* [CP] Copy Pods Resources */ = {
			isa = PBXShellScriptBuildPhase;
			buildActionMask = 2147483647;
			files = (
			);
			inputPaths = (
			);
			name = "[CP] Copy Pods Resources";
			outputPaths = (
			);
			runOnlyForDeploymentPostprocessing = 0;
			shellPath = /bin/sh;
			shellScript = "\"${SRCROOT}/Pods/Target Support Files/Pods-UtilTests/Pods-UtilTests-resources.sh\"\n";
			showEnvVarsInLog = 0;
		};
		1CAB1F2445981F775A0D3277 /* [CP] Check Pods Manifest.lock */ = {
			isa = PBXShellScriptBuildPhase;
			buildActionMask = 2147483647;
			files = (
			);
			inputPaths = (
				"${PODS_PODFILE_DIR_PATH}/Podfile.lock",
				"${PODS_ROOT}/Manifest.lock",
			);
			name = "[CP] Check Pods Manifest.lock";
			outputPaths = (
				"$(DERIVED_FILE_DIR)/Pods-Util-checkManifestLockResult.txt",
			);
			runOnlyForDeploymentPostprocessing = 0;
			shellPath = /bin/sh;
			shellScript = "diff \"${PODS_PODFILE_DIR_PATH}/Podfile.lock\" \"${PODS_ROOT}/Manifest.lock\" > /dev/null\nif [ $? != 0 ] ; then\n    # print error to STDERR\n    echo \"error: The sandbox is not in sync with the Podfile.lock. Run 'pod install' or update your CocoaPods installation.\" >&2\n    exit 1\nfi\n# This output is used by Xcode 'outputs' to avoid re-running this script phase.\necho \"SUCCESS\" > \"${SCRIPT_OUTPUT_FILE_0}\"\n";
			showEnvVarsInLog = 0;
		};
		41164D030CE55168B618C201 /* [CP] Copy Pods Resources */ = {
			isa = PBXShellScriptBuildPhase;
			buildActionMask = 2147483647;
			files = (
			);
			inputPaths = (
			);
			name = "[CP] Copy Pods Resources";
			outputPaths = (
			);
			runOnlyForDeploymentPostprocessing = 0;
			shellPath = /bin/sh;
			shellScript = "\"${SRCROOT}/Pods/Target Support Files/Pods-APIManager/Pods-APIManager-resources.sh\"\n";
			showEnvVarsInLog = 0;
		};
		44178569A37784E2445F6C0F /* [CP] Copy Pods Resources */ = {
			isa = PBXShellScriptBuildPhase;
			buildActionMask = 2147483647;
			files = (
			);
			inputPaths = (
			);
			name = "[CP] Copy Pods Resources";
			outputPaths = (
			);
			runOnlyForDeploymentPostprocessing = 0;
			shellPath = /bin/sh;
			shellScript = "\"${SRCROOT}/Pods/Target Support Files/Pods-UreedUITests/Pods-UreedUITests-resources.sh\"\n";
			showEnvVarsInLog = 0;
		};
		49DE495AF7CA0EC03E1AB604 /* [CP] Check Pods Manifest.lock */ = {
			isa = PBXShellScriptBuildPhase;
			buildActionMask = 2147483647;
			files = (
			);
			inputPaths = (
				"${PODS_PODFILE_DIR_PATH}/Podfile.lock",
				"${PODS_ROOT}/Manifest.lock",
			);
			name = "[CP] Check Pods Manifest.lock";
			outputPaths = (
				"$(DERIVED_FILE_DIR)/Pods-UreedUITests-checkManifestLockResult.txt",
			);
			runOnlyForDeploymentPostprocessing = 0;
			shellPath = /bin/sh;
			shellScript = "diff \"${PODS_PODFILE_DIR_PATH}/Podfile.lock\" \"${PODS_ROOT}/Manifest.lock\" > /dev/null\nif [ $? != 0 ] ; then\n    # print error to STDERR\n    echo \"error: The sandbox is not in sync with the Podfile.lock. Run 'pod install' or update your CocoaPods installation.\" >&2\n    exit 1\nfi\n# This output is used by Xcode 'outputs' to avoid re-running this script phase.\necho \"SUCCESS\" > \"${SCRIPT_OUTPUT_FILE_0}\"\n";
			showEnvVarsInLog = 0;
		};
		4AF6FE99AF2079FFC4E568AD /* [CP] Embed Pods Frameworks */ = {
			isa = PBXShellScriptBuildPhase;
			buildActionMask = 2147483647;
			files = (
			);
			inputPaths = (
				"${SRCROOT}/Pods/Target Support Files/Pods-Ureed/Pods-Ureed-frameworks.sh",
				"${BUILT_PRODUCTS_DIR}/Alamofire/Alamofire.framework",
				"${BUILT_PRODUCTS_DIR}/AlamofireObjectMapper/AlamofireObjectMapper.framework",
				"${BUILT_PRODUCTS_DIR}/ObjectMapper/ObjectMapper.framework",
				"${BUILT_PRODUCTS_DIR}/EZSwiftExtensions/EZSwiftExtensions.framework",
				"${BUILT_PRODUCTS_DIR}/PhoneNumberKit/PhoneNumberKit.framework",
			);
			name = "[CP] Embed Pods Frameworks";
			outputPaths = (
				"${TARGET_BUILD_DIR}/${FRAMEWORKS_FOLDER_PATH}/Alamofire.framework",
				"${TARGET_BUILD_DIR}/${FRAMEWORKS_FOLDER_PATH}/AlamofireObjectMapper.framework",
				"${TARGET_BUILD_DIR}/${FRAMEWORKS_FOLDER_PATH}/ObjectMapper.framework",
				"${TARGET_BUILD_DIR}/${FRAMEWORKS_FOLDER_PATH}/EZSwiftExtensions.framework",
				"${TARGET_BUILD_DIR}/${FRAMEWORKS_FOLDER_PATH}/PhoneNumberKit.framework",
			);
			runOnlyForDeploymentPostprocessing = 0;
			shellPath = /bin/sh;
			shellScript = "\"${SRCROOT}/Pods/Target Support Files/Pods-Ureed/Pods-Ureed-frameworks.sh\"\n";
			showEnvVarsInLog = 0;
		};
		6E2DB7BBF75D660409FEAB90 /* [CP] Embed Pods Frameworks */ = {
			isa = PBXShellScriptBuildPhase;
			buildActionMask = 2147483647;
			files = (
			);
			inputPaths = (
			);
			name = "[CP] Embed Pods Frameworks";
			outputPaths = (
			);
			runOnlyForDeploymentPostprocessing = 0;
			shellPath = /bin/sh;
			shellScript = "\"${SRCROOT}/Pods/Target Support Files/Pods-UreedUITests/Pods-UreedUITests-frameworks.sh\"\n";
			showEnvVarsInLog = 0;
		};
		7A75BD799159253BFBD51A8E /* [CP] Copy Pods Resources */ = {
			isa = PBXShellScriptBuildPhase;
			buildActionMask = 2147483647;
			files = (
			);
			inputPaths = (
			);
			name = "[CP] Copy Pods Resources";
			outputPaths = (
			);
			runOnlyForDeploymentPostprocessing = 0;
			shellPath = /bin/sh;
			shellScript = "\"${SRCROOT}/Pods/Target Support Files/Pods-APIManagerTests/Pods-APIManagerTests-resources.sh\"\n";
			showEnvVarsInLog = 0;
		};
		7F71A89401A935BA06F08505 /* [CP] Check Pods Manifest.lock */ = {
			isa = PBXShellScriptBuildPhase;
			buildActionMask = 2147483647;
			files = (
			);
			inputPaths = (
				"${PODS_PODFILE_DIR_PATH}/Podfile.lock",
				"${PODS_ROOT}/Manifest.lock",
			);
			name = "[CP] Check Pods Manifest.lock";
			outputPaths = (
				"$(DERIVED_FILE_DIR)/Pods-Ureed-checkManifestLockResult.txt",
			);
			runOnlyForDeploymentPostprocessing = 0;
			shellPath = /bin/sh;
			shellScript = "diff \"${PODS_PODFILE_DIR_PATH}/Podfile.lock\" \"${PODS_ROOT}/Manifest.lock\" > /dev/null\nif [ $? != 0 ] ; then\n    # print error to STDERR\n    echo \"error: The sandbox is not in sync with the Podfile.lock. Run 'pod install' or update your CocoaPods installation.\" >&2\n    exit 1\nfi\n# This output is used by Xcode 'outputs' to avoid re-running this script phase.\necho \"SUCCESS\" > \"${SCRIPT_OUTPUT_FILE_0}\"\n";
			showEnvVarsInLog = 0;
		};
		892C6B1A9D10A679BE94D9C2 /* [CP] Check Pods Manifest.lock */ = {
			isa = PBXShellScriptBuildPhase;
			buildActionMask = 2147483647;
			files = (
			);
			inputPaths = (
				"${PODS_PODFILE_DIR_PATH}/Podfile.lock",
				"${PODS_ROOT}/Manifest.lock",
			);
			name = "[CP] Check Pods Manifest.lock";
			outputPaths = (
				"$(DERIVED_FILE_DIR)/Pods-UreedTests-checkManifestLockResult.txt",
			);
			runOnlyForDeploymentPostprocessing = 0;
			shellPath = /bin/sh;
			shellScript = "diff \"${PODS_PODFILE_DIR_PATH}/Podfile.lock\" \"${PODS_ROOT}/Manifest.lock\" > /dev/null\nif [ $? != 0 ] ; then\n    # print error to STDERR\n    echo \"error: The sandbox is not in sync with the Podfile.lock. Run 'pod install' or update your CocoaPods installation.\" >&2\n    exit 1\nfi\n# This output is used by Xcode 'outputs' to avoid re-running this script phase.\necho \"SUCCESS\" > \"${SCRIPT_OUTPUT_FILE_0}\"\n";
			showEnvVarsInLog = 0;
		};
		8D2D89E5560F43D5B3429F06 /* [CP] Copy Pods Resources */ = {
			isa = PBXShellScriptBuildPhase;
			buildActionMask = 2147483647;
			files = (
			);
			inputPaths = (
			);
			name = "[CP] Copy Pods Resources";
			outputPaths = (
			);
			runOnlyForDeploymentPostprocessing = 0;
			shellPath = /bin/sh;
			shellScript = "\"${SRCROOT}/Pods/Target Support Files/Pods-UreedTests/Pods-UreedTests-resources.sh\"\n";
			showEnvVarsInLog = 0;
		};
		8D4AEBCB2D3EFAA08473B2F3 /* [CP] Check Pods Manifest.lock */ = {
			isa = PBXShellScriptBuildPhase;
			buildActionMask = 2147483647;
			files = (
			);
			inputPaths = (
				"${PODS_PODFILE_DIR_PATH}/Podfile.lock",
				"${PODS_ROOT}/Manifest.lock",
			);
			name = "[CP] Check Pods Manifest.lock";
			outputPaths = (
				"$(DERIVED_FILE_DIR)/Pods-APIManager-checkManifestLockResult.txt",
			);
			runOnlyForDeploymentPostprocessing = 0;
			shellPath = /bin/sh;
			shellScript = "diff \"${PODS_PODFILE_DIR_PATH}/Podfile.lock\" \"${PODS_ROOT}/Manifest.lock\" > /dev/null\nif [ $? != 0 ] ; then\n    # print error to STDERR\n    echo \"error: The sandbox is not in sync with the Podfile.lock. Run 'pod install' or update your CocoaPods installation.\" >&2\n    exit 1\nfi\n# This output is used by Xcode 'outputs' to avoid re-running this script phase.\necho \"SUCCESS\" > \"${SCRIPT_OUTPUT_FILE_0}\"\n";
			showEnvVarsInLog = 0;
		};
		8D7BC8462F42162FA660127C /* [CP] Check Pods Manifest.lock */ = {
			isa = PBXShellScriptBuildPhase;
			buildActionMask = 2147483647;
			files = (
			);
			inputPaths = (
				"${PODS_PODFILE_DIR_PATH}/Podfile.lock",
				"${PODS_ROOT}/Manifest.lock",
			);
			name = "[CP] Check Pods Manifest.lock";
			outputPaths = (
				"$(DERIVED_FILE_DIR)/Pods-UtilTests-checkManifestLockResult.txt",
			);
			runOnlyForDeploymentPostprocessing = 0;
			shellPath = /bin/sh;
			shellScript = "diff \"${PODS_PODFILE_DIR_PATH}/Podfile.lock\" \"${PODS_ROOT}/Manifest.lock\" > /dev/null\nif [ $? != 0 ] ; then\n    # print error to STDERR\n    echo \"error: The sandbox is not in sync with the Podfile.lock. Run 'pod install' or update your CocoaPods installation.\" >&2\n    exit 1\nfi\n# This output is used by Xcode 'outputs' to avoid re-running this script phase.\necho \"SUCCESS\" > \"${SCRIPT_OUTPUT_FILE_0}\"\n";
			showEnvVarsInLog = 0;
		};
		A88E78196605C41EC18CCB04 /* [CP] Embed Pods Frameworks */ = {
			isa = PBXShellScriptBuildPhase;
			buildActionMask = 2147483647;
			files = (
			);
			inputPaths = (
			);
			name = "[CP] Embed Pods Frameworks";
			outputPaths = (
			);
			runOnlyForDeploymentPostprocessing = 0;
			shellPath = /bin/sh;
			shellScript = "\"${SRCROOT}/Pods/Target Support Files/Pods-UreedTests/Pods-UreedTests-frameworks.sh\"\n";
			showEnvVarsInLog = 0;
		};
		ACFD57FEC34424E1B35C7F86 /* [CP] Embed Pods Frameworks */ = {
			isa = PBXShellScriptBuildPhase;
			buildActionMask = 2147483647;
			files = (
			);
			inputPaths = (
				"${SRCROOT}/Pods/Target Support Files/Pods-APIManagerTests/Pods-APIManagerTests-frameworks.sh",
				"${BUILT_PRODUCTS_DIR}/Alamofire/Alamofire.framework",
				"${BUILT_PRODUCTS_DIR}/AlamofireObjectMapper/AlamofireObjectMapper.framework",
				"${BUILT_PRODUCTS_DIR}/ObjectMapper/ObjectMapper.framework",
			);
			name = "[CP] Embed Pods Frameworks";
			outputPaths = (
				"${TARGET_BUILD_DIR}/${FRAMEWORKS_FOLDER_PATH}/Alamofire.framework",
				"${TARGET_BUILD_DIR}/${FRAMEWORKS_FOLDER_PATH}/AlamofireObjectMapper.framework",
				"${TARGET_BUILD_DIR}/${FRAMEWORKS_FOLDER_PATH}/ObjectMapper.framework",
			);
			runOnlyForDeploymentPostprocessing = 0;
			shellPath = /bin/sh;
			shellScript = "\"${SRCROOT}/Pods/Target Support Files/Pods-APIManagerTests/Pods-APIManagerTests-frameworks.sh\"\n";
			showEnvVarsInLog = 0;
		};
		B86AEBE3367DCA544A2057A9 /* [CP] Copy Pods Resources */ = {
			isa = PBXShellScriptBuildPhase;
			buildActionMask = 2147483647;
			files = (
			);
			inputPaths = (
			);
			name = "[CP] Copy Pods Resources";
			outputPaths = (
			);
			runOnlyForDeploymentPostprocessing = 0;
			shellPath = /bin/sh;
			shellScript = "\"${SRCROOT}/Pods/Target Support Files/Pods-Ureed/Pods-Ureed-resources.sh\"\n";
			showEnvVarsInLog = 0;
		};
		DD31506B3801A3A203430B1F /* [CP] Check Pods Manifest.lock */ = {
			isa = PBXShellScriptBuildPhase;
			buildActionMask = 2147483647;
			files = (
			);
			inputPaths = (
				"${PODS_PODFILE_DIR_PATH}/Podfile.lock",
				"${PODS_ROOT}/Manifest.lock",
			);
			name = "[CP] Check Pods Manifest.lock";
			outputPaths = (
				"$(DERIVED_FILE_DIR)/Pods-APIManagerTests-checkManifestLockResult.txt",
			);
			runOnlyForDeploymentPostprocessing = 0;
			shellPath = /bin/sh;
			shellScript = "diff \"${PODS_PODFILE_DIR_PATH}/Podfile.lock\" \"${PODS_ROOT}/Manifest.lock\" > /dev/null\nif [ $? != 0 ] ; then\n    # print error to STDERR\n    echo \"error: The sandbox is not in sync with the Podfile.lock. Run 'pod install' or update your CocoaPods installation.\" >&2\n    exit 1\nfi\n# This output is used by Xcode 'outputs' to avoid re-running this script phase.\necho \"SUCCESS\" > \"${SCRIPT_OUTPUT_FILE_0}\"\n";
			showEnvVarsInLog = 0;
		};
		ECCEEFF22DE0969E0382B0CD /* [CP] Copy Pods Resources */ = {
			isa = PBXShellScriptBuildPhase;
			buildActionMask = 2147483647;
			files = (
			);
			inputPaths = (
			);
			name = "[CP] Copy Pods Resources";
			outputPaths = (
			);
			runOnlyForDeploymentPostprocessing = 0;
			shellPath = /bin/sh;
			shellScript = "\"${SRCROOT}/Pods/Target Support Files/Pods-Util/Pods-Util-resources.sh\"\n";
			showEnvVarsInLog = 0;
		};
/* End PBXShellScriptBuildPhase section */

/* Begin PBXSourcesBuildPhase section */
		D4659DE52078E60300CB6C21 /* Sources */ = {
			isa = PBXSourcesBuildPhase;
			buildActionMask = 2147483647;
			files = (
				D4659E412078E71900CB6C21 /* ResponseBase.swift in Sources */,
				D4659E402078E71900CB6C21 /* RequestBase.swift in Sources */,
				D4659E3B2078E71900CB6C21 /* APIManager.swift in Sources */,
				D4659E3D2078E71900CB6C21 /* DownloadManager.swift in Sources */,
				D4659E3E2078E71900CB6C21 /* UploadManager.swift in Sources */,
				D4659E3F2078E71900CB6C21 /* Configrations.swift in Sources */,
				D4659E3C2078E71900CB6C21 /* APIError.swift in Sources */,
			);
			runOnlyForDeploymentPostprocessing = 0;
		};
		D4659DEE2078E60300CB6C21 /* Sources */ = {
			isa = PBXSourcesBuildPhase;
			buildActionMask = 2147483647;
			files = (
				D4659DFA2078E60300CB6C21 /* APIManagerTests.swift in Sources */,
			);
			runOnlyForDeploymentPostprocessing = 0;
		};
		D4659E082078E64200CB6C21 /* Sources */ = {
			isa = PBXSourcesBuildPhase;
			buildActionMask = 2147483647;
			files = (
				D4D943F52078EE2F0037BFF8 /* StringExtensions.swift in Sources */,
				D4D943F82078EE2F0037BFF8 /* UIViewControllerExtensions.swift in Sources */,
				D4D943EE2078EE2F0037BFF8 /* UISearchBarExtensions.swift in Sources */,
				D4D943FA2078EE2F0037BFF8 /* UIViewExtensions.swift in Sources */,
				D4D943FF2078EE2F0037BFF8 /* UIAlertControllerExtensions.swift in Sources */,
				D4D944022078EE3E0037BFF8 /* Configrations.swift in Sources */,
				D4D943F92078EE2F0037BFF8 /* UIImageExtensions.swift in Sources */,
				D4D944042078EE440037BFF8 /* Util.swift in Sources */,
				D4D943FB2078EE2F0037BFF8 /* LayerExtensions.swift in Sources */,
				D4D943F42078EE2F0037BFF8 /* DictionaryExtensions.swift in Sources */,
				D4D943F62078EE2F0037BFF8 /* UIStoryboardExtensions.swift in Sources */,
				D4D943F32078EE2F0037BFF8 /* UIToolbarExtensions.swift in Sources */,
				D4D943F02078EE2F0037BFF8 /* NSErrorExtensions.swift in Sources */,
				D4D943FD2078EE2F0037BFF8 /* UIApplicationExtensions.swift in Sources */,
				D4D943F22078EE2F0037BFF8 /* UITextFieldExtensions.swift in Sources */,
				D4D943FE2078EE2F0037BFF8 /* NSAttributedStringExtensions.swift in Sources */,
				D4D943FC2078EE2F0037BFF8 /* DateExtensions.swift in Sources */,
				D4D943EF2078EE2F0037BFF8 /* UIButtonExtension.swift in Sources */,
				D4D943F12078EE2F0037BFF8 /* ArrayExtensions.swift in Sources */,
				D4D943F72078EE2F0037BFF8 /* UIView+AutoLayoutHelper.swift in Sources */,
			);
			runOnlyForDeploymentPostprocessing = 0;
		};
		D4659E112078E64200CB6C21 /* Sources */ = {
			isa = PBXSourcesBuildPhase;
			buildActionMask = 2147483647;
			files = (
				D4659E1D2078E64200CB6C21 /* UtilTests.swift in Sources */,
			);
			runOnlyForDeploymentPostprocessing = 0;
		};
		D4B893732078DD0600199682 /* Sources */ = {
			isa = PBXSourcesBuildPhase;
			buildActionMask = 2147483647;
			files = (
				D4B8937B2078DD0600199682 /* AppDelegate.swift in Sources */,
			);
			runOnlyForDeploymentPostprocessing = 0;
		};
		D4B893872078DD0700199682 /* Sources */ = {
			isa = PBXSourcesBuildPhase;
			buildActionMask = 2147483647;
			files = (
				D4B893902078DD0700199682 /* UreedTests.swift in Sources */,
			);
			runOnlyForDeploymentPostprocessing = 0;
		};
		D4B893922078DD0700199682 /* Sources */ = {
			isa = PBXSourcesBuildPhase;
			buildActionMask = 2147483647;
			files = (
				D4B8939B2078DD0700199682 /* UreedUITests.swift in Sources */,
			);
			runOnlyForDeploymentPostprocessing = 0;
		};
/* End PBXSourcesBuildPhase section */

/* Begin PBXTargetDependency section */
		D4659DF52078E60300CB6C21 /* PBXTargetDependency */ = {
			isa = PBXTargetDependency;
			target = D4659DE92078E60300CB6C21 /* APIManager */;
			targetProxy = D4659DF42078E60300CB6C21 /* PBXContainerItemProxy */;
		};
		D4659DF72078E60300CB6C21 /* PBXTargetDependency */ = {
			isa = PBXTargetDependency;
			target = D4B893762078DD0600199682 /* Ureed */;
			targetProxy = D4659DF62078E60300CB6C21 /* PBXContainerItemProxy */;
		};
		D4659DFE2078E60400CB6C21 /* PBXTargetDependency */ = {
			isa = PBXTargetDependency;
			target = D4659DE92078E60300CB6C21 /* APIManager */;
			targetProxy = D4659DFD2078E60400CB6C21 /* PBXContainerItemProxy */;
		};
		D4659E182078E64200CB6C21 /* PBXTargetDependency */ = {
			isa = PBXTargetDependency;
			target = D4659E0C2078E64200CB6C21 /* Util */;
			targetProxy = D4659E172078E64200CB6C21 /* PBXContainerItemProxy */;
		};
		D4659E1A2078E64200CB6C21 /* PBXTargetDependency */ = {
			isa = PBXTargetDependency;
			target = D4B893762078DD0600199682 /* Ureed */;
			targetProxy = D4659E192078E64200CB6C21 /* PBXContainerItemProxy */;
		};
		D4659E212078E64200CB6C21 /* PBXTargetDependency */ = {
			isa = PBXTargetDependency;
			target = D4659E0C2078E64200CB6C21 /* Util */;
			targetProxy = D4659E202078E64200CB6C21 /* PBXContainerItemProxy */;
		};
		D4B8938D2078DD0700199682 /* PBXTargetDependency */ = {
			isa = PBXTargetDependency;
			target = D4B893762078DD0600199682 /* Ureed */;
			targetProxy = D4B8938C2078DD0700199682 /* PBXContainerItemProxy */;
		};
		D4B893982078DD0700199682 /* PBXTargetDependency */ = {
			isa = PBXTargetDependency;
			target = D4B893762078DD0600199682 /* Ureed */;
			targetProxy = D4B893972078DD0700199682 /* PBXContainerItemProxy */;
		};
/* End PBXTargetDependency section */

/* Begin PBXVariantGroup section */
		D4B8937E2078DD0600199682 /* Main.storyboard */ = {
			isa = PBXVariantGroup;
			children = (
				D4B8937F2078DD0600199682 /* Base */,
			);
			name = Main.storyboard;
			sourceTree = "<group>";
		};
		D4B893832078DD0600199682 /* LaunchScreen.storyboard */ = {
			isa = PBXVariantGroup;
			children = (
				D4B893842078DD0600199682 /* Base */,
			);
			name = LaunchScreen.storyboard;
			sourceTree = "<group>";
		};
/* End PBXVariantGroup section */

/* Begin XCBuildConfiguration section */
		D4659E012078E60400CB6C21 /* Debug */ = {
			isa = XCBuildConfiguration;
			baseConfigurationReference = 714C68D10AD86F69771D15F6 /* Pods-APIManager.debug.xcconfig */;
			buildSettings = {
				CLANG_ENABLE_MODULES = YES;
				CODE_SIGN_IDENTITY = "";
				CODE_SIGN_STYLE = Automatic;
				CURRENT_PROJECT_VERSION = 1;
				DEFINES_MODULE = YES;
				DYLIB_COMPATIBILITY_VERSION = 1;
				DYLIB_CURRENT_VERSION = 1;
				DYLIB_INSTALL_NAME_BASE = "@rpath";
				INFOPLIST_FILE = APIManager/Info.plist;
				INSTALL_PATH = "$(LOCAL_LIBRARY_DIR)/Frameworks";
				IPHONEOS_DEPLOYMENT_TARGET = 9.0;
				LD_RUNPATH_SEARCH_PATHS = "$(inherited) @executable_path/Frameworks @loader_path/Frameworks";
				PRODUCT_BUNDLE_IDENTIFIER = com.ureed.APIManager;
				PRODUCT_NAME = "$(TARGET_NAME:c99extidentifier)";
				SKIP_INSTALL = YES;
				SWIFT_OPTIMIZATION_LEVEL = "-Onone";
				SWIFT_VERSION = 4.0;
				TARGETED_DEVICE_FAMILY = "1,2";
				VERSIONING_SYSTEM = "apple-generic";
				VERSION_INFO_PREFIX = "";
			};
			name = Debug;
		};
		D4659E022078E60400CB6C21 /* Release */ = {
			isa = XCBuildConfiguration;
			baseConfigurationReference = 52930C2F41A86FDD0AC75EC4 /* Pods-APIManager.release.xcconfig */;
			buildSettings = {
				CLANG_ENABLE_MODULES = YES;
				CODE_SIGN_IDENTITY = "";
				CODE_SIGN_STYLE = Automatic;
				CURRENT_PROJECT_VERSION = 1;
				DEFINES_MODULE = YES;
				DYLIB_COMPATIBILITY_VERSION = 1;
				DYLIB_CURRENT_VERSION = 1;
				DYLIB_INSTALL_NAME_BASE = "@rpath";
				INFOPLIST_FILE = APIManager/Info.plist;
				INSTALL_PATH = "$(LOCAL_LIBRARY_DIR)/Frameworks";
				IPHONEOS_DEPLOYMENT_TARGET = 9.0;
				LD_RUNPATH_SEARCH_PATHS = "$(inherited) @executable_path/Frameworks @loader_path/Frameworks";
				PRODUCT_BUNDLE_IDENTIFIER = com.ureed.APIManager;
				PRODUCT_NAME = "$(TARGET_NAME:c99extidentifier)";
				SKIP_INSTALL = YES;
				SWIFT_VERSION = 4.0;
				TARGETED_DEVICE_FAMILY = "1,2";
				VERSIONING_SYSTEM = "apple-generic";
				VERSION_INFO_PREFIX = "";
			};
			name = Release;
		};
		D4659E032078E60400CB6C21 /* Debug */ = {
			isa = XCBuildConfiguration;
			baseConfigurationReference = DB8D632EB7EDCB5EB1DC0362 /* Pods-APIManagerTests.debug.xcconfig */;
			buildSettings = {
				ALWAYS_EMBED_SWIFT_STANDARD_LIBRARIES = YES;
				CODE_SIGN_STYLE = Automatic;
				INFOPLIST_FILE = APIManagerTests/Info.plist;
				LD_RUNPATH_SEARCH_PATHS = "$(inherited) @executable_path/Frameworks @loader_path/Frameworks";
				PRODUCT_BUNDLE_IDENTIFIER = com.ureed.APIManagerTests;
				PRODUCT_NAME = "$(TARGET_NAME)";
				SWIFT_VERSION = 4.0;
				TARGETED_DEVICE_FAMILY = "1,2";
				TEST_HOST = "$(BUILT_PRODUCTS_DIR)/Ureed.app/Ureed";
			};
			name = Debug;
		};
		D4659E042078E60400CB6C21 /* Release */ = {
			isa = XCBuildConfiguration;
			baseConfigurationReference = 9BD62DF4388C5734971B4693 /* Pods-APIManagerTests.release.xcconfig */;
			buildSettings = {
				ALWAYS_EMBED_SWIFT_STANDARD_LIBRARIES = YES;
				CODE_SIGN_STYLE = Automatic;
				INFOPLIST_FILE = APIManagerTests/Info.plist;
				LD_RUNPATH_SEARCH_PATHS = "$(inherited) @executable_path/Frameworks @loader_path/Frameworks";
				PRODUCT_BUNDLE_IDENTIFIER = com.ureed.APIManagerTests;
				PRODUCT_NAME = "$(TARGET_NAME)";
				SWIFT_VERSION = 4.0;
				TARGETED_DEVICE_FAMILY = "1,2";
				TEST_HOST = "$(BUILT_PRODUCTS_DIR)/Ureed.app/Ureed";
			};
			name = Release;
		};
		D4659E252078E64200CB6C21 /* Debug */ = {
			isa = XCBuildConfiguration;
			baseConfigurationReference = 410DFDC28B3E56BB8B16D7CC /* Pods-Util.debug.xcconfig */;
			buildSettings = {
				CODE_SIGN_IDENTITY = "";
				CODE_SIGN_STYLE = Automatic;
				CURRENT_PROJECT_VERSION = 1;
				DEFINES_MODULE = YES;
				DYLIB_COMPATIBILITY_VERSION = 1;
				DYLIB_CURRENT_VERSION = 1;
				DYLIB_INSTALL_NAME_BASE = "@rpath";
				INFOPLIST_FILE = Util/Info.plist;
				INSTALL_PATH = "$(LOCAL_LIBRARY_DIR)/Frameworks";
				IPHONEOS_DEPLOYMENT_TARGET = 9.0;
				LD_RUNPATH_SEARCH_PATHS = "$(inherited) @executable_path/Frameworks @loader_path/Frameworks";
				PRODUCT_BUNDLE_IDENTIFIER = com.ureed.Util;
				PRODUCT_NAME = "$(TARGET_NAME:c99extidentifier)";
				SKIP_INSTALL = YES;
				SWIFT_VERSION = 4.0;
				TARGETED_DEVICE_FAMILY = "1,2";
				VERSIONING_SYSTEM = "apple-generic";
				VERSION_INFO_PREFIX = "";
			};
			name = Debug;
		};
		D4659E262078E64200CB6C21 /* Release */ = {
			isa = XCBuildConfiguration;
			baseConfigurationReference = 3041BE73B88E0B13951CFF2F /* Pods-Util.release.xcconfig */;
			buildSettings = {
				CODE_SIGN_IDENTITY = "";
				CODE_SIGN_STYLE = Automatic;
				CURRENT_PROJECT_VERSION = 1;
				DEFINES_MODULE = YES;
				DYLIB_COMPATIBILITY_VERSION = 1;
				DYLIB_CURRENT_VERSION = 1;
				DYLIB_INSTALL_NAME_BASE = "@rpath";
				INFOPLIST_FILE = Util/Info.plist;
				INSTALL_PATH = "$(LOCAL_LIBRARY_DIR)/Frameworks";
				IPHONEOS_DEPLOYMENT_TARGET = 9.0;
				LD_RUNPATH_SEARCH_PATHS = "$(inherited) @executable_path/Frameworks @loader_path/Frameworks";
				PRODUCT_BUNDLE_IDENTIFIER = com.ureed.Util;
				PRODUCT_NAME = "$(TARGET_NAME:c99extidentifier)";
				SKIP_INSTALL = YES;
				SWIFT_VERSION = 4.0;
				TARGETED_DEVICE_FAMILY = "1,2";
				VERSIONING_SYSTEM = "apple-generic";
				VERSION_INFO_PREFIX = "";
			};
			name = Release;
		};
		D4659E282078E64200CB6C21 /* Debug */ = {
			isa = XCBuildConfiguration;
			baseConfigurationReference = 62371023CED72FF03EA52475 /* Pods-UtilTests.debug.xcconfig */;
			buildSettings = {
				ALWAYS_EMBED_SWIFT_STANDARD_LIBRARIES = YES;
				CODE_SIGN_STYLE = Automatic;
				INFOPLIST_FILE = UtilTests/Info.plist;
				LD_RUNPATH_SEARCH_PATHS = "$(inherited) @executable_path/Frameworks @loader_path/Frameworks";
				PRODUCT_BUNDLE_IDENTIFIER = com.ureed.UtilTests;
				PRODUCT_NAME = "$(TARGET_NAME)";
				SWIFT_VERSION = 4.0;
				TARGETED_DEVICE_FAMILY = "1,2";
				TEST_HOST = "$(BUILT_PRODUCTS_DIR)/Ureed.app/Ureed";
			};
			name = Debug;
		};
		D4659E292078E64200CB6C21 /* Release */ = {
			isa = XCBuildConfiguration;
			baseConfigurationReference = 19B6E02D5FC928857F7E84AF /* Pods-UtilTests.release.xcconfig */;
			buildSettings = {
				ALWAYS_EMBED_SWIFT_STANDARD_LIBRARIES = YES;
				CODE_SIGN_STYLE = Automatic;
				INFOPLIST_FILE = UtilTests/Info.plist;
				LD_RUNPATH_SEARCH_PATHS = "$(inherited) @executable_path/Frameworks @loader_path/Frameworks";
				PRODUCT_BUNDLE_IDENTIFIER = com.ureed.UtilTests;
				PRODUCT_NAME = "$(TARGET_NAME)";
				SWIFT_VERSION = 4.0;
				TARGETED_DEVICE_FAMILY = "1,2";
				TEST_HOST = "$(BUILT_PRODUCTS_DIR)/Ureed.app/Ureed";
			};
			name = Release;
		};
		D4B8939D2078DD0700199682 /* Debug */ = {
			isa = XCBuildConfiguration;
			buildSettings = {
				ALWAYS_SEARCH_USER_PATHS = NO;
				CLANG_ANALYZER_NONNULL = YES;
				CLANG_ANALYZER_NUMBER_OBJECT_CONVERSION = YES_AGGRESSIVE;
				CLANG_CXX_LANGUAGE_STANDARD = "gnu++14";
				CLANG_CXX_LIBRARY = "libc++";
				CLANG_ENABLE_MODULES = YES;
				CLANG_ENABLE_OBJC_ARC = YES;
				CLANG_WARN_BLOCK_CAPTURE_AUTORELEASING = YES;
				CLANG_WARN_BOOL_CONVERSION = YES;
				CLANG_WARN_COMMA = YES;
				CLANG_WARN_CONSTANT_CONVERSION = YES;
				CLANG_WARN_DIRECT_OBJC_ISA_USAGE = YES_ERROR;
				CLANG_WARN_DOCUMENTATION_COMMENTS = YES;
				CLANG_WARN_EMPTY_BODY = YES;
				CLANG_WARN_ENUM_CONVERSION = YES;
				CLANG_WARN_INFINITE_RECURSION = YES;
				CLANG_WARN_INT_CONVERSION = YES;
				CLANG_WARN_NON_LITERAL_NULL_CONVERSION = YES;
				CLANG_WARN_OBJC_LITERAL_CONVERSION = YES;
				CLANG_WARN_OBJC_ROOT_CLASS = YES_ERROR;
				CLANG_WARN_RANGE_LOOP_ANALYSIS = YES;
				CLANG_WARN_STRICT_PROTOTYPES = YES;
				CLANG_WARN_SUSPICIOUS_MOVE = YES;
				CLANG_WARN_UNGUARDED_AVAILABILITY = YES_AGGRESSIVE;
				CLANG_WARN_UNREACHABLE_CODE = YES;
				CLANG_WARN__DUPLICATE_METHOD_MATCH = YES;
				CODE_SIGN_IDENTITY = "iPhone Developer";
				COPY_PHASE_STRIP = NO;
				DEBUG_INFORMATION_FORMAT = dwarf;
				ENABLE_STRICT_OBJC_MSGSEND = YES;
				ENABLE_TESTABILITY = YES;
				GCC_C_LANGUAGE_STANDARD = gnu11;
				GCC_DYNAMIC_NO_PIC = NO;
				GCC_NO_COMMON_BLOCKS = YES;
				GCC_OPTIMIZATION_LEVEL = 0;
				GCC_PREPROCESSOR_DEFINITIONS = (
					"DEBUG=1",
					"$(inherited)",
				);
				GCC_WARN_64_TO_32_BIT_CONVERSION = YES;
				GCC_WARN_ABOUT_RETURN_TYPE = YES_ERROR;
				GCC_WARN_UNDECLARED_SELECTOR = YES;
				GCC_WARN_UNINITIALIZED_AUTOS = YES_AGGRESSIVE;
				GCC_WARN_UNUSED_FUNCTION = YES;
				GCC_WARN_UNUSED_VARIABLE = YES;
				IPHONEOS_DEPLOYMENT_TARGET = 9.0;
				MTL_ENABLE_DEBUG_INFO = YES;
				ONLY_ACTIVE_ARCH = YES;
				SDKROOT = iphoneos;
				SWIFT_ACTIVE_COMPILATION_CONDITIONS = DEBUG;
				SWIFT_OPTIMIZATION_LEVEL = "-Onone";
			};
			name = Debug;
		};
		D4B8939E2078DD0700199682 /* Release */ = {
			isa = XCBuildConfiguration;
			buildSettings = {
				ALWAYS_SEARCH_USER_PATHS = NO;
				CLANG_ANALYZER_NONNULL = YES;
				CLANG_ANALYZER_NUMBER_OBJECT_CONVERSION = YES_AGGRESSIVE;
				CLANG_CXX_LANGUAGE_STANDARD = "gnu++14";
				CLANG_CXX_LIBRARY = "libc++";
				CLANG_ENABLE_MODULES = YES;
				CLANG_ENABLE_OBJC_ARC = YES;
				CLANG_WARN_BLOCK_CAPTURE_AUTORELEASING = YES;
				CLANG_WARN_BOOL_CONVERSION = YES;
				CLANG_WARN_COMMA = YES;
				CLANG_WARN_CONSTANT_CONVERSION = YES;
				CLANG_WARN_DIRECT_OBJC_ISA_USAGE = YES_ERROR;
				CLANG_WARN_DOCUMENTATION_COMMENTS = YES;
				CLANG_WARN_EMPTY_BODY = YES;
				CLANG_WARN_ENUM_CONVERSION = YES;
				CLANG_WARN_INFINITE_RECURSION = YES;
				CLANG_WARN_INT_CONVERSION = YES;
				CLANG_WARN_NON_LITERAL_NULL_CONVERSION = YES;
				CLANG_WARN_OBJC_LITERAL_CONVERSION = YES;
				CLANG_WARN_OBJC_ROOT_CLASS = YES_ERROR;
				CLANG_WARN_RANGE_LOOP_ANALYSIS = YES;
				CLANG_WARN_STRICT_PROTOTYPES = YES;
				CLANG_WARN_SUSPICIOUS_MOVE = YES;
				CLANG_WARN_UNGUARDED_AVAILABILITY = YES_AGGRESSIVE;
				CLANG_WARN_UNREACHABLE_CODE = YES;
				CLANG_WARN__DUPLICATE_METHOD_MATCH = YES;
				CODE_SIGN_IDENTITY = "iPhone Developer";
				COPY_PHASE_STRIP = NO;
				DEBUG_INFORMATION_FORMAT = "dwarf-with-dsym";
				ENABLE_NS_ASSERTIONS = NO;
				ENABLE_STRICT_OBJC_MSGSEND = YES;
				GCC_C_LANGUAGE_STANDARD = gnu11;
				GCC_NO_COMMON_BLOCKS = YES;
				GCC_WARN_64_TO_32_BIT_CONVERSION = YES;
				GCC_WARN_ABOUT_RETURN_TYPE = YES_ERROR;
				GCC_WARN_UNDECLARED_SELECTOR = YES;
				GCC_WARN_UNINITIALIZED_AUTOS = YES_AGGRESSIVE;
				GCC_WARN_UNUSED_FUNCTION = YES;
				GCC_WARN_UNUSED_VARIABLE = YES;
				IPHONEOS_DEPLOYMENT_TARGET = 9.0;
				MTL_ENABLE_DEBUG_INFO = NO;
				SDKROOT = iphoneos;
				SWIFT_OPTIMIZATION_LEVEL = "-Owholemodule";
				VALIDATE_PRODUCT = YES;
			};
			name = Release;
		};
		D4B893A02078DD0700199682 /* Debug */ = {
			isa = XCBuildConfiguration;
			baseConfigurationReference = 32DCD4FCE368EFBB39152CAD /* Pods-Ureed.debug.xcconfig */;
			buildSettings = {
				ALWAYS_EMBED_SWIFT_STANDARD_LIBRARIES = YES;
				ASSETCATALOG_COMPILER_APPICON_NAME = AppIcon;
				CODE_SIGN_STYLE = Automatic;
				INFOPLIST_FILE = Ureed/Info.plist;
				IPHONEOS_DEPLOYMENT_TARGET = 9.0;
				LD_RUNPATH_SEARCH_PATHS = "$(inherited) @executable_path/Frameworks";
				PRODUCT_BUNDLE_IDENTIFIER = com.ureed.Ureed;
				PRODUCT_NAME = "$(TARGET_NAME)";
				SWIFT_VERSION = 4.0;
				TARGETED_DEVICE_FAMILY = 1;
			};
			name = Debug;
		};
		D4B893A12078DD0700199682 /* Release */ = {
			isa = XCBuildConfiguration;
			baseConfigurationReference = 68B5D08A9A096E7EEB88979A /* Pods-Ureed.release.xcconfig */;
			buildSettings = {
				ALWAYS_EMBED_SWIFT_STANDARD_LIBRARIES = YES;
				ASSETCATALOG_COMPILER_APPICON_NAME = AppIcon;
				CODE_SIGN_STYLE = Automatic;
				INFOPLIST_FILE = Ureed/Info.plist;
				IPHONEOS_DEPLOYMENT_TARGET = 9.0;
				LD_RUNPATH_SEARCH_PATHS = "$(inherited) @executable_path/Frameworks";
				PRODUCT_BUNDLE_IDENTIFIER = com.ureed.Ureed;
				PRODUCT_NAME = "$(TARGET_NAME)";
				SWIFT_VERSION = 4.0;
				TARGETED_DEVICE_FAMILY = 1;
			};
			name = Release;
		};
		D4B893A32078DD0700199682 /* Debug */ = {
			isa = XCBuildConfiguration;
			baseConfigurationReference = EDAD0A96A1F3CAF4C1620E9B /* Pods-UreedTests.debug.xcconfig */;
			buildSettings = {
				ALWAYS_EMBED_SWIFT_STANDARD_LIBRARIES = YES;
				BUNDLE_LOADER = "$(TEST_HOST)";
				CODE_SIGN_STYLE = Automatic;
				INFOPLIST_FILE = UreedTests/Info.plist;
				LD_RUNPATH_SEARCH_PATHS = "$(inherited) @executable_path/Frameworks @loader_path/Frameworks";
				PRODUCT_BUNDLE_IDENTIFIER = com.ureed.UreedTests;
				PRODUCT_NAME = "$(TARGET_NAME)";
				SWIFT_VERSION = 4.0;
				TARGETED_DEVICE_FAMILY = "1,2";
				TEST_HOST = "$(BUILT_PRODUCTS_DIR)/Ureed.app/Ureed";
			};
			name = Debug;
		};
		D4B893A42078DD0700199682 /* Release */ = {
			isa = XCBuildConfiguration;
			baseConfigurationReference = 9383D5BFE27558F2B4579BAE /* Pods-UreedTests.release.xcconfig */;
			buildSettings = {
				ALWAYS_EMBED_SWIFT_STANDARD_LIBRARIES = YES;
				BUNDLE_LOADER = "$(TEST_HOST)";
				CODE_SIGN_STYLE = Automatic;
				INFOPLIST_FILE = UreedTests/Info.plist;
				LD_RUNPATH_SEARCH_PATHS = "$(inherited) @executable_path/Frameworks @loader_path/Frameworks";
				PRODUCT_BUNDLE_IDENTIFIER = com.ureed.UreedTests;
				PRODUCT_NAME = "$(TARGET_NAME)";
				SWIFT_VERSION = 4.0;
				TARGETED_DEVICE_FAMILY = "1,2";
				TEST_HOST = "$(BUILT_PRODUCTS_DIR)/Ureed.app/Ureed";
			};
			name = Release;
		};
		D4B893A62078DD0700199682 /* Debug */ = {
			isa = XCBuildConfiguration;
			baseConfigurationReference = 15CCBB3E5CB69D57CF750487 /* Pods-UreedUITests.debug.xcconfig */;
			buildSettings = {
				ALWAYS_EMBED_SWIFT_STANDARD_LIBRARIES = YES;
				CODE_SIGN_STYLE = Automatic;
				INFOPLIST_FILE = UreedUITests/Info.plist;
				LD_RUNPATH_SEARCH_PATHS = "$(inherited) @executable_path/Frameworks @loader_path/Frameworks";
				PRODUCT_BUNDLE_IDENTIFIER = com.ureed.UreedUITests;
				PRODUCT_NAME = "$(TARGET_NAME)";
				SWIFT_VERSION = 4.0;
				TARGETED_DEVICE_FAMILY = "1,2";
				TEST_TARGET_NAME = Ureed;
			};
			name = Debug;
		};
		D4B893A72078DD0700199682 /* Release */ = {
			isa = XCBuildConfiguration;
			baseConfigurationReference = E9B965F7DC5439699664EC75 /* Pods-UreedUITests.release.xcconfig */;
			buildSettings = {
				ALWAYS_EMBED_SWIFT_STANDARD_LIBRARIES = YES;
				CODE_SIGN_STYLE = Automatic;
				INFOPLIST_FILE = UreedUITests/Info.plist;
				LD_RUNPATH_SEARCH_PATHS = "$(inherited) @executable_path/Frameworks @loader_path/Frameworks";
				PRODUCT_BUNDLE_IDENTIFIER = com.ureed.UreedUITests;
				PRODUCT_NAME = "$(TARGET_NAME)";
				SWIFT_VERSION = 4.0;
				TARGETED_DEVICE_FAMILY = "1,2";
				TEST_TARGET_NAME = Ureed;
			};
			name = Release;
		};
/* End XCBuildConfiguration section */

/* Begin XCConfigurationList section */
		D4659E052078E60400CB6C21 /* Build configuration list for PBXNativeTarget "APIManager" */ = {
			isa = XCConfigurationList;
			buildConfigurations = (
				D4659E012078E60400CB6C21 /* Debug */,
				D4659E022078E60400CB6C21 /* Release */,
			);
			defaultConfigurationIsVisible = 0;
			defaultConfigurationName = Release;
		};
		D4659E072078E60400CB6C21 /* Build configuration list for PBXNativeTarget "APIManagerTests" */ = {
			isa = XCConfigurationList;
			buildConfigurations = (
				D4659E032078E60400CB6C21 /* Debug */,
				D4659E042078E60400CB6C21 /* Release */,
			);
			defaultConfigurationIsVisible = 0;
			defaultConfigurationName = Release;
		};
		D4659E242078E64200CB6C21 /* Build configuration list for PBXNativeTarget "Util" */ = {
			isa = XCConfigurationList;
			buildConfigurations = (
				D4659E252078E64200CB6C21 /* Debug */,
				D4659E262078E64200CB6C21 /* Release */,
			);
			defaultConfigurationIsVisible = 0;
			defaultConfigurationName = Release;
		};
		D4659E272078E64200CB6C21 /* Build configuration list for PBXNativeTarget "UtilTests" */ = {
			isa = XCConfigurationList;
			buildConfigurations = (
				D4659E282078E64200CB6C21 /* Debug */,
				D4659E292078E64200CB6C21 /* Release */,
			);
			defaultConfigurationIsVisible = 0;
			defaultConfigurationName = Release;
		};
		D4B893722078DD0600199682 /* Build configuration list for PBXProject "Ureed" */ = {
			isa = XCConfigurationList;
			buildConfigurations = (
				D4B8939D2078DD0700199682 /* Debug */,
				D4B8939E2078DD0700199682 /* Release */,
			);
			defaultConfigurationIsVisible = 0;
			defaultConfigurationName = Release;
		};
		D4B8939F2078DD0700199682 /* Build configuration list for PBXNativeTarget "Ureed" */ = {
			isa = XCConfigurationList;
			buildConfigurations = (
				D4B893A02078DD0700199682 /* Debug */,
				D4B893A12078DD0700199682 /* Release */,
			);
			defaultConfigurationIsVisible = 0;
			defaultConfigurationName = Release;
		};
		D4B893A22078DD0700199682 /* Build configuration list for PBXNativeTarget "UreedTests" */ = {
			isa = XCConfigurationList;
			buildConfigurations = (
				D4B893A32078DD0700199682 /* Debug */,
				D4B893A42078DD0700199682 /* Release */,
			);
			defaultConfigurationIsVisible = 0;
			defaultConfigurationName = Release;
		};
		D4B893A52078DD0700199682 /* Build configuration list for PBXNativeTarget "UreedUITests" */ = {
			isa = XCConfigurationList;
			buildConfigurations = (
				D4B893A62078DD0700199682 /* Debug */,
				D4B893A72078DD0700199682 /* Release */,
			);
			defaultConfigurationIsVisible = 0;
			defaultConfigurationName = Release;
		};
/* End XCConfigurationList section */
	};
	rootObject = D4B8936F2078DD0600199682 /* Project object */;
}
